// !$*UTF8*$!
{
	archiveVersion = 1;
	classes = {
	};
	objectVersion = 50;
	objects = {

/* Begin PBXBuildFile section */
		80C74B4F42A5FC7259CF515B /* Pods_Wallet.framework in Frameworks */ = {isa = PBXBuildFile; fileRef = 4F96122239EB1955F7DA79A6 /* Pods_Wallet.framework */; };
		A61C9B422212DD1B00766AD8 /* NSAttributedStringExtensions.swift in Sources */ = {isa = PBXBuildFile; fileRef = A61C9B412212DD1B00766AD8 /* NSAttributedStringExtensions.swift */; };
		A61C9B442212DD4600766AD8 /* UIImageExtensions.swift in Sources */ = {isa = PBXBuildFile; fileRef = A61C9B432212DD4600766AD8 /* UIImageExtensions.swift */; };
		A61C9B462212DD5E00766AD8 /* UIButtonExtensions.swift in Sources */ = {isa = PBXBuildFile; fileRef = A61C9B452212DD5E00766AD8 /* UIButtonExtensions.swift */; };
		A61C9B492212ED6D00766AD8 /* StyledButton.swift in Sources */ = {isa = PBXBuildFile; fileRef = A61C9B482212ED6D00766AD8 /* StyledButton.swift */; };
		A61C9B4B2212ED9400766AD8 /* ButtonStyles.swift in Sources */ = {isa = PBXBuildFile; fileRef = A61C9B4A2212ED9400766AD8 /* ButtonStyles.swift */; };
		A63358B22203210600F4D48A /* README.md in Resources */ = {isa = PBXBuildFile; fileRef = A63358B12203210600F4D48A /* README.md */; };
		A66363D521B9865000A2151C /* UITableViewCellExtension.swift in Sources */ = {isa = PBXBuildFile; fileRef = A66363D321B9865000A2151C /* UITableViewCellExtension.swift */; };
		A66363D621B9865000A2151C /* UITableViewExtensions.swift in Sources */ = {isa = PBXBuildFile; fileRef = A66363D421B9865000A2151C /* UITableViewExtensions.swift */; };
		A66363D821B9866800A2151C /* UITableViewCellExtensionTests.swift in Sources */ = {isa = PBXBuildFile; fileRef = A66363D721B9866800A2151C /* UITableViewCellExtensionTests.swift */; };
		A66363DA21B9895000A2151C /* UITableViewExtensionsTests.swift in Sources */ = {isa = PBXBuildFile; fileRef = A66363D921B9895000A2151C /* UITableViewExtensionsTests.swift */; };
		A677C92122143AFD00264B49 /* Fonts.swift in Sources */ = {isa = PBXBuildFile; fileRef = A677C92022143AFD00264B49 /* Fonts.swift */; };
		A677C92322143E3D00264B49 /* UIFontExtensions.swift in Sources */ = {isa = PBXBuildFile; fileRef = A677C92222143E3D00264B49 /* UIFontExtensions.swift */; };
		A677C942221461E100264B49 /* SF-Pro-Display-Medium.otf in Resources */ = {isa = PBXBuildFile; fileRef = A677C924221461DF00264B49 /* SF-Pro-Display-Medium.otf */; };
		A677C943221461E100264B49 /* SF-Pro-Display-BlackItalic.otf in Resources */ = {isa = PBXBuildFile; fileRef = A677C925221461DF00264B49 /* SF-Pro-Display-BlackItalic.otf */; };
		A677C944221461E100264B49 /* SF-Pro-Display-UltralightItalic.otf in Resources */ = {isa = PBXBuildFile; fileRef = A677C926221461DF00264B49 /* SF-Pro-Display-UltralightItalic.otf */; };
		A677C945221461E100264B49 /* SF-Pro-Text-BoldItalic.otf in Resources */ = {isa = PBXBuildFile; fileRef = A677C927221461DF00264B49 /* SF-Pro-Text-BoldItalic.otf */; };
		A677C946221461E100264B49 /* SF-Pro-Display-RegularItalic.otf in Resources */ = {isa = PBXBuildFile; fileRef = A677C928221461DF00264B49 /* SF-Pro-Display-RegularItalic.otf */; };
		A677C947221461E100264B49 /* SF-Pro-Display-MediumItalic.otf in Resources */ = {isa = PBXBuildFile; fileRef = A677C929221461DF00264B49 /* SF-Pro-Display-MediumItalic.otf */; };
		A677C948221461E100264B49 /* SF-Pro-Text-Heavy.otf in Resources */ = {isa = PBXBuildFile; fileRef = A677C92A221461DF00264B49 /* SF-Pro-Text-Heavy.otf */; };
		A677C949221461E100264B49 /* SF-Pro-Text-MediumItalic.otf in Resources */ = {isa = PBXBuildFile; fileRef = A677C92B221461E000264B49 /* SF-Pro-Text-MediumItalic.otf */; };
		A677C94A221461E100264B49 /* SF-Pro-Display-BoldItalic.otf in Resources */ = {isa = PBXBuildFile; fileRef = A677C92C221461E000264B49 /* SF-Pro-Display-BoldItalic.otf */; };
		A677C94B221461E100264B49 /* SF-Pro-Display-Light.otf in Resources */ = {isa = PBXBuildFile; fileRef = A677C92D221461E000264B49 /* SF-Pro-Display-Light.otf */; };
		A677C94C221461E100264B49 /* SF-Pro-Display-Bold.otf in Resources */ = {isa = PBXBuildFile; fileRef = A677C92E221461E000264B49 /* SF-Pro-Display-Bold.otf */; };
		A677C94D221461E100264B49 /* SF-Pro-Text-SemiboldItalic.otf in Resources */ = {isa = PBXBuildFile; fileRef = A677C92F221461E000264B49 /* SF-Pro-Text-SemiboldItalic.otf */; };
		A677C94E221461E100264B49 /* SF-Pro-Text-Light.otf in Resources */ = {isa = PBXBuildFile; fileRef = A677C930221461E000264B49 /* SF-Pro-Text-Light.otf */; };
		A677C94F221461E100264B49 /* SF-Pro-Display-Heavy.otf in Resources */ = {isa = PBXBuildFile; fileRef = A677C931221461E000264B49 /* SF-Pro-Display-Heavy.otf */; };
		A677C950221461E100264B49 /* SF-Pro-Text-Medium.otf in Resources */ = {isa = PBXBuildFile; fileRef = A677C932221461E000264B49 /* SF-Pro-Text-Medium.otf */; };
		A677C951221461E100264B49 /* SF-Pro-Display-SemiboldItalic.otf in Resources */ = {isa = PBXBuildFile; fileRef = A677C933221461E000264B49 /* SF-Pro-Display-SemiboldItalic.otf */; };
		A677C952221461E100264B49 /* SF-Pro-Display-Regular.otf in Resources */ = {isa = PBXBuildFile; fileRef = A677C934221461E000264B49 /* SF-Pro-Display-Regular.otf */; };
		A677C953221461E100264B49 /* SF-Pro-Display-Black.otf in Resources */ = {isa = PBXBuildFile; fileRef = A677C935221461E000264B49 /* SF-Pro-Display-Black.otf */; };
		A677C954221461E100264B49 /* SF-Pro-Text-HeavyItalic.otf in Resources */ = {isa = PBXBuildFile; fileRef = A677C936221461E000264B49 /* SF-Pro-Text-HeavyItalic.otf */; };
		A677C955221461E100264B49 /* SF-Pro-Text-LightItalic.otf in Resources */ = {isa = PBXBuildFile; fileRef = A677C937221461E000264B49 /* SF-Pro-Text-LightItalic.otf */; };
		A677C956221461E100264B49 /* SF-Pro-Display-LightItalic.otf in Resources */ = {isa = PBXBuildFile; fileRef = A677C938221461E000264B49 /* SF-Pro-Display-LightItalic.otf */; };
		A677C957221461E100264B49 /* SF-Pro-Display-ThinItalic.otf in Resources */ = {isa = PBXBuildFile; fileRef = A677C939221461E000264B49 /* SF-Pro-Display-ThinItalic.otf */; };
		A677C958221461E100264B49 /* SF-Pro-Text-RegularItalic.otf in Resources */ = {isa = PBXBuildFile; fileRef = A677C93A221461E000264B49 /* SF-Pro-Text-RegularItalic.otf */; };
		A677C959221461E100264B49 /* SF-Pro-Text-Regular.otf in Resources */ = {isa = PBXBuildFile; fileRef = A677C93B221461E000264B49 /* SF-Pro-Text-Regular.otf */; };
		A677C95A221461E100264B49 /* SF-Pro-Display-Thin.otf in Resources */ = {isa = PBXBuildFile; fileRef = A677C93C221461E100264B49 /* SF-Pro-Display-Thin.otf */; };
		A677C95B221461E100264B49 /* SF-Pro-Text-Semibold.otf in Resources */ = {isa = PBXBuildFile; fileRef = A677C93D221461E100264B49 /* SF-Pro-Text-Semibold.otf */; };
		A677C95C221461E100264B49 /* SF-Pro-Display-Ultralight.otf in Resources */ = {isa = PBXBuildFile; fileRef = A677C93E221461E100264B49 /* SF-Pro-Display-Ultralight.otf */; };
		A677C95D221461E100264B49 /* SF-Pro-Display-HeavyItalic.otf in Resources */ = {isa = PBXBuildFile; fileRef = A677C93F221461E100264B49 /* SF-Pro-Display-HeavyItalic.otf */; };
		A677C95E221461E100264B49 /* SF-Pro-Display-Semibold.otf in Resources */ = {isa = PBXBuildFile; fileRef = A677C940221461E100264B49 /* SF-Pro-Display-Semibold.otf */; };
		A677C95F221461E100264B49 /* SF-Pro-Text-Bold.otf in Resources */ = {isa = PBXBuildFile; fileRef = A677C941221461E100264B49 /* SF-Pro-Text-Bold.otf */; };
		A677C961221468A200264B49 /* StringExtensions.swift in Sources */ = {isa = PBXBuildFile; fileRef = A677C960221468A200264B49 /* StringExtensions.swift */; };
		A67A576D22102FF000B4AC23 /* ImportViewController.swift in Sources */ = {isa = PBXBuildFile; fileRef = A67A576C22102FF000B4AC23 /* ImportViewController.swift */; };
		A67A576F22102FF600B4AC23 /* Import.storyboard in Resources */ = {isa = PBXBuildFile; fileRef = A67A576E22102FF600B4AC23 /* Import.storyboard */; };
		A67A57712210300700B4AC23 /* Storyboards.swift in Sources */ = {isa = PBXBuildFile; fileRef = A67A57702210300700B4AC23 /* Storyboards.swift */; };
		A67A57732210307600B4AC23 /* Colors.json in Resources */ = {isa = PBXBuildFile; fileRef = A67A57722210307600B4AC23 /* Colors.json */; };
		A67A57752210308D00B4AC23 /* Colors.swift in Sources */ = {isa = PBXBuildFile; fileRef = A67A57742210308D00B4AC23 /* Colors.swift */; };
		A67A57772210310700B4AC23 /* Scenes.swift in Sources */ = {isa = PBXBuildFile; fileRef = A67A57762210310700B4AC23 /* Scenes.swift */; };
		A67A57792210311A00B4AC23 /* Segues.swift in Sources */ = {isa = PBXBuildFile; fileRef = A67A57782210311A00B4AC23 /* Segues.swift */; };
		A67A577C221031DF00B4AC23 /* ImportAssembly.swift in Sources */ = {isa = PBXBuildFile; fileRef = A67A577B221031DF00B4AC23 /* ImportAssembly.swift */; };
		A67A577E2210323000B4AC23 /* Assemblability.swift in Sources */ = {isa = PBXBuildFile; fileRef = A67A577D2210323000B4AC23 /* Assemblability.swift */; };
		A67A5781221036D500B4AC23 /* PinViewController.swift in Sources */ = {isa = PBXBuildFile; fileRef = A67A5780221036D500B4AC23 /* PinViewController.swift */; };
		A67A5783221036DB00B4AC23 /* Pin.storyboard in Resources */ = {isa = PBXBuildFile; fileRef = A67A5782221036DB00B4AC23 /* Pin.storyboard */; };
		A67A57862210896400B4AC23 /* RoundedButton.swift in Sources */ = {isa = PBXBuildFile; fileRef = A67A57852210896400B4AC23 /* RoundedButton.swift */; };
		A67A578822114A4F00B4AC23 /* WelcomeInteractor.swift in Sources */ = {isa = PBXBuildFile; fileRef = A67A578722114A4F00B4AC23 /* WelcomeInteractor.swift */; };
		A67A578A22117E7000B4AC23 /* WelcomeAssembly.swift in Sources */ = {isa = PBXBuildFile; fileRef = A67A578922117E7000B4AC23 /* WelcomeAssembly.swift */; };
		A67A578C22118A3100B4AC23 /* WelcomeView.swift in Sources */ = {isa = PBXBuildFile; fileRef = A67A578B22118A3100B4AC23 /* WelcomeView.swift */; };
		A67A578E2211981B00B4AC23 /* WelcomeDataFlow.swift in Sources */ = {isa = PBXBuildFile; fileRef = A67A578D2211981B00B4AC23 /* WelcomeDataFlow.swift */; };
		A67A57932211A77500B4AC23 /* WelcomeRouter.swift in Sources */ = {isa = PBXBuildFile; fileRef = A67A57922211A77500B4AC23 /* WelcomeRouter.swift */; };
		A67A57962211A8EF00B4AC23 /* Either.swift in Sources */ = {isa = PBXBuildFile; fileRef = A67A57952211A8EF00B4AC23 /* Either.swift */; };
		A67A57982211A91300B4AC23 /* RResult.swift in Sources */ = {isa = PBXBuildFile; fileRef = A67A57972211A91300B4AC23 /* RResult.swift */; };
		A67A579A2211B08700B4AC23 /* WalletManager.swift in Sources */ = {isa = PBXBuildFile; fileRef = A67A57992211B08700B4AC23 /* WalletManager.swift */; };
		A67A579C2211B11D00B4AC23 /* MnemonicService.swift in Sources */ = {isa = PBXBuildFile; fileRef = A67A579B2211B11D00B4AC23 /* MnemonicService.swift */; };
		A67A579F2211B5AC00B4AC23 /* Security.framework in Frameworks */ = {isa = PBXBuildFile; fileRef = A67A579E2211B5AC00B4AC23 /* Security.framework */; };
		A67A57FA2211BC4C00B4AC23 /* English.swift in Sources */ = {isa = PBXBuildFile; fileRef = A67A57F92211BC4C00B4AC23 /* English.swift */; };
		A67B140A220454EB009F593E /* Loadable.swift in Sources */ = {isa = PBXBuildFile; fileRef = A67B1409220454EB009F593E /* Loadable.swift */; };
		A6D764CE21B65E3C00666FBE /* AppDelegate.swift in Sources */ = {isa = PBXBuildFile; fileRef = A6D764CD21B65E3C00666FBE /* AppDelegate.swift */; };
		A6D764D021B65E3C00666FBE /* ViewController.swift in Sources */ = {isa = PBXBuildFile; fileRef = A6D764CF21B65E3C00666FBE /* ViewController.swift */; };
		A6D764D321B65E3C00666FBE /* Main.storyboard in Resources */ = {isa = PBXBuildFile; fileRef = A6D764D121B65E3C00666FBE /* Main.storyboard */; };
		A6D764D521B65E3D00666FBE /* Assets.xcassets in Resources */ = {isa = PBXBuildFile; fileRef = A6D764D421B65E3D00666FBE /* Assets.xcassets */; };
		A6D764D821B65E3D00666FBE /* LaunchScreen.storyboard in Resources */ = {isa = PBXBuildFile; fileRef = A6D764D621B65E3D00666FBE /* LaunchScreen.storyboard */; };
		A6D764E921B65FF100666FBE /* WalletTests.swift in Sources */ = {isa = PBXBuildFile; fileRef = A6D764E821B65FF100666FBE /* WalletTests.swift */; };
		A6D764F521B66D6000666FBE /* SettingsBundleHelper.swift in Sources */ = {isa = PBXBuildFile; fileRef = A6D764F421B66D6000666FBE /* SettingsBundleHelper.swift */; };
		A6D764F821B66D8500666FBE /* BundleExtenstions.swift in Sources */ = {isa = PBXBuildFile; fileRef = A6D764F721B66D8500666FBE /* BundleExtenstions.swift */; };
		A6D764FA21B66DA300666FBE /* BundleExtensionsTests.swift in Sources */ = {isa = PBXBuildFile; fileRef = A6D764F921B66DA300666FBE /* BundleExtensionsTests.swift */; };
		A6D764FC21B6724300666FBE /* Colors.xcassets in Resources */ = {isa = PBXBuildFile; fileRef = A6D764FB21B6724300666FBE /* Colors.xcassets */; };
		A6D764FF21B6740200666FBE /* ConfiguratorProtocol.swift in Sources */ = {isa = PBXBuildFile; fileRef = A6D764FE21B6740200666FBE /* ConfiguratorProtocol.swift */; };
		A6D7650121B6741000666FBE /* AppearanceConfigurator.swift in Sources */ = {isa = PBXBuildFile; fileRef = A6D7650021B6741000666FBE /* AppearanceConfigurator.swift */; };
		A6D7650321B6742600666FBE /* ThirdPartiesConfigurator.swift in Sources */ = {isa = PBXBuildFile; fileRef = A6D7650221B6742600666FBE /* ThirdPartiesConfigurator.swift */; };
		A6D7650521B6743800666FBE /* ApplicationConfigurator.swift in Sources */ = {isa = PBXBuildFile; fileRef = A6D7650421B6743800666FBE /* ApplicationConfigurator.swift */; };
		A6D7650921B6762100666FBE /* Settings.bundle in Resources */ = {isa = PBXBuildFile; fileRef = A6D7650821B6762100666FBE /* Settings.bundle */; };
		A6D7650B21B6768900666FBE /* Localizable.strings in Resources */ = {isa = PBXBuildFile; fileRef = A6D7650A21B6768900666FBE /* Localizable.strings */; };
		A6D7650E21B676C400666FBE /* Localizable.swift in Sources */ = {isa = PBXBuildFile; fileRef = A6D7650D21B676C400666FBE /* Localizable.swift */; };
		A6D7651021B6774C00666FBE /* Images.swift in Sources */ = {isa = PBXBuildFile; fileRef = A6D7650F21B6774C00666FBE /* Images.swift */; };
		A6DF65CE220F0A200020B977 /* ScreenLocker.swift in Sources */ = {isa = PBXBuildFile; fileRef = A6DF65CD220F0A200020B977 /* ScreenLocker.swift */; };
		A6DF65D0220F0BE50020B977 /* Application.swift in Sources */ = {isa = PBXBuildFile; fileRef = A6DF65CF220F0BE50020B977 /* Application.swift */; };
		A6DF65D2220F14D20020B977 /* QRService.swift in Sources */ = {isa = PBXBuildFile; fileRef = A6DF65D1220F14D20020B977 /* QRService.swift */; };
		A6DF65D6220F2DD10020B977 /* GoogleService-Info.plist in Resources */ = {isa = PBXBuildFile; fileRef = A6DF65D5220F2DD10020B977 /* GoogleService-Info.plist */; };
		A6DF65DA220F36250020B977 /* WelcomeViewController.swift in Sources */ = {isa = PBXBuildFile; fileRef = A6DF65D9220F36250020B977 /* WelcomeViewController.swift */; };
		A6FBBA09220F399700D9A0BE /* Helpers.swift in Sources */ = {isa = PBXBuildFile; fileRef = A6FBBA08220F399700D9A0BE /* Helpers.swift */; };
		F98DF996A9E3C890DD673443 /* Pods_WalletTests.framework in Frameworks */ = {isa = PBXBuildFile; fileRef = 612800D0019940F7F653F881 /* Pods_WalletTests.framework */; };
/* End PBXBuildFile section */

/* Begin PBXContainerItemProxy section */
		A6D764EB21B65FF100666FBE /* PBXContainerItemProxy */ = {
			isa = PBXContainerItemProxy;
			containerPortal = A6D764C221B65E3C00666FBE /* Project object */;
			proxyType = 1;
			remoteGlobalIDString = A6D764C921B65E3C00666FBE;
			remoteInfo = Wallet;
		};
/* End PBXContainerItemProxy section */

/* Begin PBXFileReference section */
		4687198C845AB70B44A501E5 /* Pods-WalletTests.debug.xcconfig */ = {isa = PBXFileReference; includeInIndex = 1; lastKnownFileType = text.xcconfig; name = "Pods-WalletTests.debug.xcconfig"; path = "Pods/Target Support Files/Pods-WalletTests/Pods-WalletTests.debug.xcconfig"; sourceTree = "<group>"; };
		4F96122239EB1955F7DA79A6 /* Pods_Wallet.framework */ = {isa = PBXFileReference; explicitFileType = wrapper.framework; includeInIndex = 0; path = Pods_Wallet.framework; sourceTree = BUILT_PRODUCTS_DIR; };
		612800D0019940F7F653F881 /* Pods_WalletTests.framework */ = {isa = PBXFileReference; explicitFileType = wrapper.framework; includeInIndex = 0; path = Pods_WalletTests.framework; sourceTree = BUILT_PRODUCTS_DIR; };
		8684CA411F538E9DC1BBB4B8 /* Pods-WalletTests.distribution.xcconfig */ = {isa = PBXFileReference; includeInIndex = 1; lastKnownFileType = text.xcconfig; name = "Pods-WalletTests.distribution.xcconfig"; path = "Pods/Target Support Files/Pods-WalletTests/Pods-WalletTests.distribution.xcconfig"; sourceTree = "<group>"; };
		A61C9B412212DD1B00766AD8 /* NSAttributedStringExtensions.swift */ = {isa = PBXFileReference; lastKnownFileType = sourcecode.swift; path = NSAttributedStringExtensions.swift; sourceTree = "<group>"; };
		A61C9B432212DD4600766AD8 /* UIImageExtensions.swift */ = {isa = PBXFileReference; lastKnownFileType = sourcecode.swift; path = UIImageExtensions.swift; sourceTree = "<group>"; };
		A61C9B452212DD5E00766AD8 /* UIButtonExtensions.swift */ = {isa = PBXFileReference; lastKnownFileType = sourcecode.swift; path = UIButtonExtensions.swift; sourceTree = "<group>"; };
		A61C9B482212ED6D00766AD8 /* StyledButton.swift */ = {isa = PBXFileReference; lastKnownFileType = sourcecode.swift; path = StyledButton.swift; sourceTree = "<group>"; };
		A61C9B4A2212ED9400766AD8 /* ButtonStyles.swift */ = {isa = PBXFileReference; lastKnownFileType = sourcecode.swift; path = ButtonStyles.swift; sourceTree = "<group>"; };
		A63358A522031DF000F4D48A /* Project.xcconfig */ = {isa = PBXFileReference; lastKnownFileType = text.xcconfig; path = Project.xcconfig; sourceTree = "<group>"; };
		A63358A622031DF800F4D48A /* iOS.xcconfig */ = {isa = PBXFileReference; lastKnownFileType = text.xcconfig; path = iOS.xcconfig; sourceTree = "<group>"; };
		A63358A722031E0400F4D48A /* Debug.xcconfig */ = {isa = PBXFileReference; lastKnownFileType = text.xcconfig; path = Debug.xcconfig; sourceTree = "<group>"; };
		A63358A822031E1700F4D48A /* Distribution.xcconfig */ = {isa = PBXFileReference; lastKnownFileType = text.xcconfig; path = Distribution.xcconfig; sourceTree = "<group>"; };
		A63358A922031E2300F4D48A /* AdHoc.xcconfig */ = {isa = PBXFileReference; lastKnownFileType = text.xcconfig; path = AdHoc.xcconfig; sourceTree = "<group>"; };
		A63358B12203210600F4D48A /* README.md */ = {isa = PBXFileReference; fileEncoding = 4; lastKnownFileType = net.daringfireball.markdown; path = README.md; sourceTree = "<group>"; };
		A66363D321B9865000A2151C /* UITableViewCellExtension.swift */ = {isa = PBXFileReference; fileEncoding = 4; lastKnownFileType = sourcecode.swift; path = UITableViewCellExtension.swift; sourceTree = "<group>"; };
		A66363D421B9865000A2151C /* UITableViewExtensions.swift */ = {isa = PBXFileReference; fileEncoding = 4; lastKnownFileType = sourcecode.swift; path = UITableViewExtensions.swift; sourceTree = "<group>"; };
		A66363D721B9866800A2151C /* UITableViewCellExtensionTests.swift */ = {isa = PBXFileReference; lastKnownFileType = sourcecode.swift; path = UITableViewCellExtensionTests.swift; sourceTree = "<group>"; };
		A66363D921B9895000A2151C /* UITableViewExtensionsTests.swift */ = {isa = PBXFileReference; lastKnownFileType = sourcecode.swift; path = UITableViewExtensionsTests.swift; sourceTree = "<group>"; };
		A677C92022143AFD00264B49 /* Fonts.swift */ = {isa = PBXFileReference; lastKnownFileType = sourcecode.swift; path = Fonts.swift; sourceTree = "<group>"; };
		A677C92222143E3D00264B49 /* UIFontExtensions.swift */ = {isa = PBXFileReference; lastKnownFileType = sourcecode.swift; path = UIFontExtensions.swift; sourceTree = "<group>"; };
		A677C924221461DF00264B49 /* SF-Pro-Display-Medium.otf */ = {isa = PBXFileReference; lastKnownFileType = file; path = "SF-Pro-Display-Medium.otf"; sourceTree = "<group>"; };
		A677C925221461DF00264B49 /* SF-Pro-Display-BlackItalic.otf */ = {isa = PBXFileReference; lastKnownFileType = file; path = "SF-Pro-Display-BlackItalic.otf"; sourceTree = "<group>"; };
		A677C926221461DF00264B49 /* SF-Pro-Display-UltralightItalic.otf */ = {isa = PBXFileReference; lastKnownFileType = file; path = "SF-Pro-Display-UltralightItalic.otf"; sourceTree = "<group>"; };
		A677C927221461DF00264B49 /* SF-Pro-Text-BoldItalic.otf */ = {isa = PBXFileReference; lastKnownFileType = file; path = "SF-Pro-Text-BoldItalic.otf"; sourceTree = "<group>"; };
		A677C928221461DF00264B49 /* SF-Pro-Display-RegularItalic.otf */ = {isa = PBXFileReference; lastKnownFileType = file; path = "SF-Pro-Display-RegularItalic.otf"; sourceTree = "<group>"; };
		A677C929221461DF00264B49 /* SF-Pro-Display-MediumItalic.otf */ = {isa = PBXFileReference; lastKnownFileType = file; path = "SF-Pro-Display-MediumItalic.otf"; sourceTree = "<group>"; };
		A677C92A221461DF00264B49 /* SF-Pro-Text-Heavy.otf */ = {isa = PBXFileReference; lastKnownFileType = file; path = "SF-Pro-Text-Heavy.otf"; sourceTree = "<group>"; };
		A677C92B221461E000264B49 /* SF-Pro-Text-MediumItalic.otf */ = {isa = PBXFileReference; lastKnownFileType = file; path = "SF-Pro-Text-MediumItalic.otf"; sourceTree = "<group>"; };
		A677C92C221461E000264B49 /* SF-Pro-Display-BoldItalic.otf */ = {isa = PBXFileReference; lastKnownFileType = file; path = "SF-Pro-Display-BoldItalic.otf"; sourceTree = "<group>"; };
		A677C92D221461E000264B49 /* SF-Pro-Display-Light.otf */ = {isa = PBXFileReference; lastKnownFileType = file; path = "SF-Pro-Display-Light.otf"; sourceTree = "<group>"; };
		A677C92E221461E000264B49 /* SF-Pro-Display-Bold.otf */ = {isa = PBXFileReference; lastKnownFileType = file; path = "SF-Pro-Display-Bold.otf"; sourceTree = "<group>"; };
		A677C92F221461E000264B49 /* SF-Pro-Text-SemiboldItalic.otf */ = {isa = PBXFileReference; lastKnownFileType = file; path = "SF-Pro-Text-SemiboldItalic.otf"; sourceTree = "<group>"; };
		A677C930221461E000264B49 /* SF-Pro-Text-Light.otf */ = {isa = PBXFileReference; lastKnownFileType = file; path = "SF-Pro-Text-Light.otf"; sourceTree = "<group>"; };
		A677C931221461E000264B49 /* SF-Pro-Display-Heavy.otf */ = {isa = PBXFileReference; lastKnownFileType = file; path = "SF-Pro-Display-Heavy.otf"; sourceTree = "<group>"; };
		A677C932221461E000264B49 /* SF-Pro-Text-Medium.otf */ = {isa = PBXFileReference; lastKnownFileType = file; path = "SF-Pro-Text-Medium.otf"; sourceTree = "<group>"; };
		A677C933221461E000264B49 /* SF-Pro-Display-SemiboldItalic.otf */ = {isa = PBXFileReference; lastKnownFileType = file; path = "SF-Pro-Display-SemiboldItalic.otf"; sourceTree = "<group>"; };
		A677C934221461E000264B49 /* SF-Pro-Display-Regular.otf */ = {isa = PBXFileReference; lastKnownFileType = file; path = "SF-Pro-Display-Regular.otf"; sourceTree = "<group>"; };
		A677C935221461E000264B49 /* SF-Pro-Display-Black.otf */ = {isa = PBXFileReference; lastKnownFileType = file; path = "SF-Pro-Display-Black.otf"; sourceTree = "<group>"; };
		A677C936221461E000264B49 /* SF-Pro-Text-HeavyItalic.otf */ = {isa = PBXFileReference; lastKnownFileType = file; path = "SF-Pro-Text-HeavyItalic.otf"; sourceTree = "<group>"; };
		A677C937221461E000264B49 /* SF-Pro-Text-LightItalic.otf */ = {isa = PBXFileReference; lastKnownFileType = file; path = "SF-Pro-Text-LightItalic.otf"; sourceTree = "<group>"; };
		A677C938221461E000264B49 /* SF-Pro-Display-LightItalic.otf */ = {isa = PBXFileReference; lastKnownFileType = file; path = "SF-Pro-Display-LightItalic.otf"; sourceTree = "<group>"; };
		A677C939221461E000264B49 /* SF-Pro-Display-ThinItalic.otf */ = {isa = PBXFileReference; lastKnownFileType = file; path = "SF-Pro-Display-ThinItalic.otf"; sourceTree = "<group>"; };
		A677C93A221461E000264B49 /* SF-Pro-Text-RegularItalic.otf */ = {isa = PBXFileReference; lastKnownFileType = file; path = "SF-Pro-Text-RegularItalic.otf"; sourceTree = "<group>"; };
		A677C93B221461E000264B49 /* SF-Pro-Text-Regular.otf */ = {isa = PBXFileReference; lastKnownFileType = file; path = "SF-Pro-Text-Regular.otf"; sourceTree = "<group>"; };
		A677C93C221461E100264B49 /* SF-Pro-Display-Thin.otf */ = {isa = PBXFileReference; lastKnownFileType = file; path = "SF-Pro-Display-Thin.otf"; sourceTree = "<group>"; };
		A677C93D221461E100264B49 /* SF-Pro-Text-Semibold.otf */ = {isa = PBXFileReference; lastKnownFileType = file; path = "SF-Pro-Text-Semibold.otf"; sourceTree = "<group>"; };
		A677C93E221461E100264B49 /* SF-Pro-Display-Ultralight.otf */ = {isa = PBXFileReference; lastKnownFileType = file; path = "SF-Pro-Display-Ultralight.otf"; sourceTree = "<group>"; };
		A677C93F221461E100264B49 /* SF-Pro-Display-HeavyItalic.otf */ = {isa = PBXFileReference; lastKnownFileType = file; path = "SF-Pro-Display-HeavyItalic.otf"; sourceTree = "<group>"; };
		A677C940221461E100264B49 /* SF-Pro-Display-Semibold.otf */ = {isa = PBXFileReference; lastKnownFileType = file; path = "SF-Pro-Display-Semibold.otf"; sourceTree = "<group>"; };
		A677C941221461E100264B49 /* SF-Pro-Text-Bold.otf */ = {isa = PBXFileReference; lastKnownFileType = file; path = "SF-Pro-Text-Bold.otf"; sourceTree = "<group>"; };
		A677C960221468A200264B49 /* StringExtensions.swift */ = {isa = PBXFileReference; lastKnownFileType = sourcecode.swift; path = StringExtensions.swift; sourceTree = "<group>"; };
		A67A576C22102FF000B4AC23 /* ImportViewController.swift */ = {isa = PBXFileReference; lastKnownFileType = sourcecode.swift; path = ImportViewController.swift; sourceTree = "<group>"; };
		A67A576E22102FF600B4AC23 /* Import.storyboard */ = {isa = PBXFileReference; lastKnownFileType = file.storyboard; path = Import.storyboard; sourceTree = "<group>"; };
		A67A57702210300700B4AC23 /* Storyboards.swift */ = {isa = PBXFileReference; lastKnownFileType = sourcecode.swift; path = Storyboards.swift; sourceTree = "<group>"; };
		A67A57722210307600B4AC23 /* Colors.json */ = {isa = PBXFileReference; lastKnownFileType = text.json; path = Colors.json; sourceTree = "<group>"; };
		A67A57742210308D00B4AC23 /* Colors.swift */ = {isa = PBXFileReference; lastKnownFileType = sourcecode.swift; path = Colors.swift; sourceTree = "<group>"; };
		A67A57762210310700B4AC23 /* Scenes.swift */ = {isa = PBXFileReference; lastKnownFileType = sourcecode.swift; path = Scenes.swift; sourceTree = "<group>"; };
		A67A57782210311A00B4AC23 /* Segues.swift */ = {isa = PBXFileReference; lastKnownFileType = sourcecode.swift; path = Segues.swift; sourceTree = "<group>"; };
		A67A577B221031DF00B4AC23 /* ImportAssembly.swift */ = {isa = PBXFileReference; lastKnownFileType = sourcecode.swift; path = ImportAssembly.swift; sourceTree = "<group>"; };
		A67A577D2210323000B4AC23 /* Assemblability.swift */ = {isa = PBXFileReference; lastKnownFileType = sourcecode.swift; path = Assemblability.swift; sourceTree = "<group>"; };
		A67A5780221036D500B4AC23 /* PinViewController.swift */ = {isa = PBXFileReference; lastKnownFileType = sourcecode.swift; path = PinViewController.swift; sourceTree = "<group>"; };
		A67A5782221036DB00B4AC23 /* Pin.storyboard */ = {isa = PBXFileReference; lastKnownFileType = file.storyboard; path = Pin.storyboard; sourceTree = "<group>"; };
		A67A57852210896400B4AC23 /* RoundedButton.swift */ = {isa = PBXFileReference; lastKnownFileType = sourcecode.swift; path = RoundedButton.swift; sourceTree = "<group>"; };
		A67A578722114A4F00B4AC23 /* WelcomeInteractor.swift */ = {isa = PBXFileReference; lastKnownFileType = sourcecode.swift; path = WelcomeInteractor.swift; sourceTree = "<group>"; };
		A67A578922117E7000B4AC23 /* WelcomeAssembly.swift */ = {isa = PBXFileReference; lastKnownFileType = sourcecode.swift; path = WelcomeAssembly.swift; sourceTree = "<group>"; };
		A67A578B22118A3100B4AC23 /* WelcomeView.swift */ = {isa = PBXFileReference; lastKnownFileType = sourcecode.swift; path = WelcomeView.swift; sourceTree = "<group>"; };
		A67A578D2211981B00B4AC23 /* WelcomeDataFlow.swift */ = {isa = PBXFileReference; lastKnownFileType = sourcecode.swift; path = WelcomeDataFlow.swift; sourceTree = "<group>"; };
		A67A57922211A77500B4AC23 /* WelcomeRouter.swift */ = {isa = PBXFileReference; lastKnownFileType = sourcecode.swift; path = WelcomeRouter.swift; sourceTree = "<group>"; };
		A67A57952211A8EF00B4AC23 /* Either.swift */ = {isa = PBXFileReference; lastKnownFileType = sourcecode.swift; path = Either.swift; sourceTree = "<group>"; };
		A67A57972211A91300B4AC23 /* RResult.swift */ = {isa = PBXFileReference; lastKnownFileType = sourcecode.swift; path = RResult.swift; sourceTree = "<group>"; };
		A67A57992211B08700B4AC23 /* WalletManager.swift */ = {isa = PBXFileReference; lastKnownFileType = sourcecode.swift; path = WalletManager.swift; sourceTree = "<group>"; };
		A67A579B2211B11D00B4AC23 /* MnemonicService.swift */ = {isa = PBXFileReference; lastKnownFileType = sourcecode.swift; path = MnemonicService.swift; sourceTree = "<group>"; };
		A67A579E2211B5AC00B4AC23 /* Security.framework */ = {isa = PBXFileReference; lastKnownFileType = wrapper.framework; name = Security.framework; path = System/Library/Frameworks/Security.framework; sourceTree = SDKROOT; };
		A67A57F32211B7B700B4AC23 /* Bridge-Header.h */ = {isa = PBXFileReference; fileEncoding = 4; lastKnownFileType = sourcecode.c.h; path = "Bridge-Header.h"; sourceTree = "<group>"; };
		A67A57F92211BC4C00B4AC23 /* English.swift */ = {isa = PBXFileReference; lastKnownFileType = sourcecode.swift; path = English.swift; sourceTree = "<group>"; };
		A67B1409220454EB009F593E /* Loadable.swift */ = {isa = PBXFileReference; lastKnownFileType = sourcecode.swift; path = Loadable.swift; sourceTree = "<group>"; };
		A6D764CA21B65E3C00666FBE /* Wallet.app */ = {isa = PBXFileReference; explicitFileType = wrapper.application; includeInIndex = 0; path = Wallet.app; sourceTree = BUILT_PRODUCTS_DIR; };
		A6D764CD21B65E3C00666FBE /* AppDelegate.swift */ = {isa = PBXFileReference; lastKnownFileType = sourcecode.swift; path = AppDelegate.swift; sourceTree = "<group>"; };
		A6D764CF21B65E3C00666FBE /* ViewController.swift */ = {isa = PBXFileReference; lastKnownFileType = sourcecode.swift; path = ViewController.swift; sourceTree = "<group>"; };
		A6D764D221B65E3C00666FBE /* Base */ = {isa = PBXFileReference; lastKnownFileType = file.storyboard; name = Base; path = Base.lproj/Main.storyboard; sourceTree = "<group>"; };
		A6D764D421B65E3D00666FBE /* Assets.xcassets */ = {isa = PBXFileReference; lastKnownFileType = folder.assetcatalog; path = Assets.xcassets; sourceTree = "<group>"; };
		A6D764D721B65E3D00666FBE /* Base */ = {isa = PBXFileReference; lastKnownFileType = file.storyboard; name = Base; path = Base.lproj/LaunchScreen.storyboard; sourceTree = "<group>"; };
		A6D764D921B65E3D00666FBE /* Info.plist */ = {isa = PBXFileReference; lastKnownFileType = text.plist.xml; path = Info.plist; sourceTree = "<group>"; };
		A6D764E621B65FF000666FBE /* WalletTests.xctest */ = {isa = PBXFileReference; explicitFileType = wrapper.cfbundle; includeInIndex = 0; path = WalletTests.xctest; sourceTree = BUILT_PRODUCTS_DIR; };
		A6D764E821B65FF100666FBE /* WalletTests.swift */ = {isa = PBXFileReference; lastKnownFileType = sourcecode.swift; path = WalletTests.swift; sourceTree = "<group>"; };
		A6D764EA21B65FF100666FBE /* Info.plist */ = {isa = PBXFileReference; lastKnownFileType = text.plist.xml; path = Info.plist; sourceTree = "<group>"; };
		A6D764F421B66D6000666FBE /* SettingsBundleHelper.swift */ = {isa = PBXFileReference; lastKnownFileType = sourcecode.swift; path = SettingsBundleHelper.swift; sourceTree = "<group>"; };
		A6D764F721B66D8500666FBE /* BundleExtenstions.swift */ = {isa = PBXFileReference; lastKnownFileType = sourcecode.swift; path = BundleExtenstions.swift; sourceTree = "<group>"; };
		A6D764F921B66DA300666FBE /* BundleExtensionsTests.swift */ = {isa = PBXFileReference; lastKnownFileType = sourcecode.swift; path = BundleExtensionsTests.swift; sourceTree = "<group>"; };
		A6D764FB21B6724300666FBE /* Colors.xcassets */ = {isa = PBXFileReference; lastKnownFileType = folder.assetcatalog; path = Colors.xcassets; sourceTree = "<group>"; };
		A6D764FE21B6740200666FBE /* ConfiguratorProtocol.swift */ = {isa = PBXFileReference; lastKnownFileType = sourcecode.swift; path = ConfiguratorProtocol.swift; sourceTree = "<group>"; };
		A6D7650021B6741000666FBE /* AppearanceConfigurator.swift */ = {isa = PBXFileReference; lastKnownFileType = sourcecode.swift; path = AppearanceConfigurator.swift; sourceTree = "<group>"; };
		A6D7650221B6742600666FBE /* ThirdPartiesConfigurator.swift */ = {isa = PBXFileReference; lastKnownFileType = sourcecode.swift; path = ThirdPartiesConfigurator.swift; sourceTree = "<group>"; };
		A6D7650421B6743800666FBE /* ApplicationConfigurator.swift */ = {isa = PBXFileReference; lastKnownFileType = sourcecode.swift; path = ApplicationConfigurator.swift; sourceTree = "<group>"; };
		A6D7650821B6762100666FBE /* Settings.bundle */ = {isa = PBXFileReference; lastKnownFileType = "wrapper.plug-in"; path = Settings.bundle; sourceTree = "<group>"; };
		A6D7650A21B6768900666FBE /* Localizable.strings */ = {isa = PBXFileReference; lastKnownFileType = text.plist.strings; path = Localizable.strings; sourceTree = "<group>"; };
		A6D7650D21B676C400666FBE /* Localizable.swift */ = {isa = PBXFileReference; lastKnownFileType = sourcecode.swift; path = Localizable.swift; sourceTree = "<group>"; };
		A6D7650F21B6774C00666FBE /* Images.swift */ = {isa = PBXFileReference; lastKnownFileType = sourcecode.swift; path = Images.swift; sourceTree = "<group>"; };
		A6DF65CD220F0A200020B977 /* ScreenLocker.swift */ = {isa = PBXFileReference; lastKnownFileType = sourcecode.swift; path = ScreenLocker.swift; sourceTree = "<group>"; };
		A6DF65CF220F0BE50020B977 /* Application.swift */ = {isa = PBXFileReference; lastKnownFileType = sourcecode.swift; path = Application.swift; sourceTree = "<group>"; };
		A6DF65D1220F14D20020B977 /* QRService.swift */ = {isa = PBXFileReference; lastKnownFileType = sourcecode.swift; path = QRService.swift; sourceTree = "<group>"; };
		A6DF65D5220F2DD10020B977 /* GoogleService-Info.plist */ = {isa = PBXFileReference; fileEncoding = 4; lastKnownFileType = text.plist.xml; path = "GoogleService-Info.plist"; sourceTree = "<group>"; };
		A6DF65D9220F36250020B977 /* WelcomeViewController.swift */ = {isa = PBXFileReference; lastKnownFileType = sourcecode.swift; path = WelcomeViewController.swift; sourceTree = "<group>"; };
		A6FBBA08220F399700D9A0BE /* Helpers.swift */ = {isa = PBXFileReference; lastKnownFileType = sourcecode.swift; path = Helpers.swift; sourceTree = "<group>"; };
		C3D1FE519429B8E6AE4DFE30 /* Pods-WalletTests.adhoc.xcconfig */ = {isa = PBXFileReference; includeInIndex = 1; lastKnownFileType = text.xcconfig; name = "Pods-WalletTests.adhoc.xcconfig"; path = "Pods/Target Support Files/Pods-WalletTests/Pods-WalletTests.adhoc.xcconfig"; sourceTree = "<group>"; };
/* End PBXFileReference section */

/* Begin PBXFrameworksBuildPhase section */
		A6D764C721B65E3C00666FBE /* Frameworks */ = {
			isa = PBXFrameworksBuildPhase;
			buildActionMask = 2147483647;
			files = (
				A67A579F2211B5AC00B4AC23 /* Security.framework in Frameworks */,
				80C74B4F42A5FC7259CF515B /* Pods_Wallet.framework in Frameworks */,
			);
			runOnlyForDeploymentPostprocessing = 0;
		};
		A6D764E321B65FF000666FBE /* Frameworks */ = {
			isa = PBXFrameworksBuildPhase;
			buildActionMask = 2147483647;
			files = (
				F98DF996A9E3C890DD673443 /* Pods_WalletTests.framework in Frameworks */,
			);
			runOnlyForDeploymentPostprocessing = 0;
		};
/* End PBXFrameworksBuildPhase section */

/* Begin PBXGroup section */
		06C1D767B36F397D0D202EA6 /* Frameworks */ = {
			isa = PBXGroup;
			children = (
				A67A579E2211B5AC00B4AC23 /* Security.framework */,
				4F96122239EB1955F7DA79A6 /* Pods_Wallet.framework */,
				612800D0019940F7F653F881 /* Pods_WalletTests.framework */,
			);
			name = Frameworks;
			sourceTree = "<group>";
		};
		7101D2C7442494A52446380B /* Pods */ = {
			isa = PBXGroup;
			children = (
				4687198C845AB70B44A501E5 /* Pods-WalletTests.debug.xcconfig */,
				C3D1FE519429B8E6AE4DFE30 /* Pods-WalletTests.adhoc.xcconfig */,
				8684CA411F538E9DC1BBB4B8 /* Pods-WalletTests.distribution.xcconfig */,
			);
			name = Pods;
			sourceTree = "<group>";
		};
		A61C9B472212ED6300766AD8 /* Button */ = {
			isa = PBXGroup;
			children = (
				A61C9B482212ED6D00766AD8 /* StyledButton.swift */,
				A61C9B4A2212ED9400766AD8 /* ButtonStyles.swift */,
			);
			path = Button;
			sourceTree = "<group>";
		};
		A63358A422031D4F00F4D48A /* Configurations */ = {
			isa = PBXGroup;
			children = (
				A63358A622031DF800F4D48A /* iOS.xcconfig */,
				A63358A522031DF000F4D48A /* Project.xcconfig */,
				A63358A722031E0400F4D48A /* Debug.xcconfig */,
				A63358A822031E1700F4D48A /* Distribution.xcconfig */,
				A63358A922031E2300F4D48A /* AdHoc.xcconfig */,
			);
			path = Configurations;
			sourceTree = "<group>";
		};
		A677C91F221439D900264B49 /* Fonts */ = {
			isa = PBXGroup;
			children = (
				A677C935221461E000264B49 /* SF-Pro-Display-Black.otf */,
				A677C925221461DF00264B49 /* SF-Pro-Display-BlackItalic.otf */,
				A677C92E221461E000264B49 /* SF-Pro-Display-Bold.otf */,
				A677C92C221461E000264B49 /* SF-Pro-Display-BoldItalic.otf */,
				A677C931221461E000264B49 /* SF-Pro-Display-Heavy.otf */,
				A677C93F221461E100264B49 /* SF-Pro-Display-HeavyItalic.otf */,
				A677C92D221461E000264B49 /* SF-Pro-Display-Light.otf */,
				A677C938221461E000264B49 /* SF-Pro-Display-LightItalic.otf */,
				A677C924221461DF00264B49 /* SF-Pro-Display-Medium.otf */,
				A677C929221461DF00264B49 /* SF-Pro-Display-MediumItalic.otf */,
				A677C934221461E000264B49 /* SF-Pro-Display-Regular.otf */,
				A677C928221461DF00264B49 /* SF-Pro-Display-RegularItalic.otf */,
				A677C940221461E100264B49 /* SF-Pro-Display-Semibold.otf */,
				A677C933221461E000264B49 /* SF-Pro-Display-SemiboldItalic.otf */,
				A677C93C221461E100264B49 /* SF-Pro-Display-Thin.otf */,
				A677C939221461E000264B49 /* SF-Pro-Display-ThinItalic.otf */,
				A677C93E221461E100264B49 /* SF-Pro-Display-Ultralight.otf */,
				A677C926221461DF00264B49 /* SF-Pro-Display-UltralightItalic.otf */,
				A677C941221461E100264B49 /* SF-Pro-Text-Bold.otf */,
				A677C927221461DF00264B49 /* SF-Pro-Text-BoldItalic.otf */,
				A677C92A221461DF00264B49 /* SF-Pro-Text-Heavy.otf */,
				A677C936221461E000264B49 /* SF-Pro-Text-HeavyItalic.otf */,
				A677C930221461E000264B49 /* SF-Pro-Text-Light.otf */,
				A677C937221461E000264B49 /* SF-Pro-Text-LightItalic.otf */,
				A677C932221461E000264B49 /* SF-Pro-Text-Medium.otf */,
				A677C92B221461E000264B49 /* SF-Pro-Text-MediumItalic.otf */,
				A677C93B221461E000264B49 /* SF-Pro-Text-Regular.otf */,
				A677C93A221461E000264B49 /* SF-Pro-Text-RegularItalic.otf */,
				A677C93D221461E100264B49 /* SF-Pro-Text-Semibold.otf */,
				A677C92F221461E000264B49 /* SF-Pro-Text-SemiboldItalic.otf */,
			);
			path = Fonts;
			sourceTree = "<group>";
		};
		A67A576B22102FE100B4AC23 /* Import */ = {
			isa = PBXGroup;
			children = (
				A67A576C22102FF000B4AC23 /* ImportViewController.swift */,
				A67A576E22102FF600B4AC23 /* Import.storyboard */,
				A67A577B221031DF00B4AC23 /* ImportAssembly.swift */,
			);
			path = Import;
			sourceTree = "<group>";
		};
		A67A577F221036C800B4AC23 /* Pin */ = {
			isa = PBXGroup;
			children = (
				A67A5780221036D500B4AC23 /* PinViewController.swift */,
				A67A5782221036DB00B4AC23 /* Pin.storyboard */,
			);
			path = Pin;
			sourceTree = "<group>";
		};
		A67A57842210893F00B4AC23 /* View */ = {
			isa = PBXGroup;
			children = (
				A61C9B472212ED6300766AD8 /* Button */,
				A67A57852210896400B4AC23 /* RoundedButton.swift */,
			);
			path = View;
			sourceTree = "<group>";
		};
		A67A578F22119BA800B4AC23 /* View */ = {
			isa = PBXGroup;
			children = (
				A67A578B22118A3100B4AC23 /* WelcomeView.swift */,
			);
			path = View;
			sourceTree = "<group>";
		};
		A67A57942211A8DB00B4AC23 /* Core */ = {
			isa = PBXGroup;
			children = (
				A67A57F32211B7B700B4AC23 /* Bridge-Header.h */,
				A67A57952211A8EF00B4AC23 /* Either.swift */,
				A67A57972211A91300B4AC23 /* RResult.swift */,
			);
			path = Core;
			sourceTree = "<group>";
		};
		A67A579D2211B3A300B4AC23 /* Mnemonic */ = {
			isa = PBXGroup;
			children = (
				A67A579B2211B11D00B4AC23 /* MnemonicService.swift */,
				A67A57F92211BC4C00B4AC23 /* English.swift */,
			);
			path = Mnemonic;
			sourceTree = "<group>";
		};
		A67A57A02211B6AA00B4AC23 /* ThrirdParty */ = {
			isa = PBXGroup;
			children = (
			);
			path = ThrirdParty;
			sourceTree = "<group>";
		};
		A67B1408220454DA009F593E /* Protocols */ = {
			isa = PBXGroup;
			children = (
				A67B1409220454EB009F593E /* Loadable.swift */,
				A67A577D2210323000B4AC23 /* Assemblability.swift */,
			);
			path = Protocols;
			sourceTree = "<group>";
		};
		A6D764C121B65E3C00666FBE = {
			isa = PBXGroup;
			children = (
				A63358B12203210600F4D48A /* README.md */,
				A63358A422031D4F00F4D48A /* Configurations */,
				A6D764E021B65E5100666FBE /* Resources */,
				A6D764DF21B65E4800666FBE /* Support */,
				A6D764CC21B65E3C00666FBE /* Sources */,
				A6D764E721B65FF100666FBE /* WalletTests */,
				A6D764CB21B65E3C00666FBE /* Products */,
				7101D2C7442494A52446380B /* Pods */,
				06C1D767B36F397D0D202EA6 /* Frameworks */,
			);
			sourceTree = "<group>";
		};
		A6D764CB21B65E3C00666FBE /* Products */ = {
			isa = PBXGroup;
			children = (
				A6D764CA21B65E3C00666FBE /* Wallet.app */,
				A6D764E621B65FF000666FBE /* WalletTests.xctest */,
			);
			name = Products;
			sourceTree = "<group>";
		};
		A6D764CC21B65E3C00666FBE /* Sources */ = {
			isa = PBXGroup;
			children = (
				A67A57A02211B6AA00B4AC23 /* ThrirdParty */,
				A67A57942211A8DB00B4AC23 /* Core */,
				A67A57842210893F00B4AC23 /* View */,
				A6DF65CC220F06490020B977 /* Features */,
				A67B1408220454DA009F593E /* Protocols */,
				A6D7650C21B676AF00666FBE /* Constants */,
				A6D764F621B66D7700666FBE /* Extensions */,
				A6D764F321B66D5800666FBE /* Helpers */,
				A6D764F221B66D1F00666FBE /* ApplicationLayer */,
				A6D764F121B66C5F00666FBE /* BusinessLogicLayer */,
				A6D764CF21B65E3C00666FBE /* ViewController.swift */,
			);
			path = Sources;
			sourceTree = "<group>";
		};
		A6D764DF21B65E4800666FBE /* Support */ = {
			isa = PBXGroup;
			children = (
				A6DF65D5220F2DD10020B977 /* GoogleService-Info.plist */,
				A6D764D921B65E3D00666FBE /* Info.plist */,
			);
			path = Support;
			sourceTree = "<group>";
		};
		A6D764E021B65E5100666FBE /* Resources */ = {
			isa = PBXGroup;
			children = (
				A677C91F221439D900264B49 /* Fonts */,
				A6D764E121B65E5A00666FBE /* Storyboards */,
				A6D764D421B65E3D00666FBE /* Assets.xcassets */,
				A6D764FB21B6724300666FBE /* Colors.xcassets */,
				A6D7650821B6762100666FBE /* Settings.bundle */,
				A6D7650A21B6768900666FBE /* Localizable.strings */,
				A67A57722210307600B4AC23 /* Colors.json */,
			);
			path = Resources;
			sourceTree = "<group>";
		};
		A6D764E121B65E5A00666FBE /* Storyboards */ = {
			isa = PBXGroup;
			children = (
				A6D764D121B65E3C00666FBE /* Main.storyboard */,
				A6D764D621B65E3D00666FBE /* LaunchScreen.storyboard */,
			);
			path = Storyboards;
			sourceTree = "<group>";
		};
		A6D764E721B65FF100666FBE /* WalletTests */ = {
			isa = PBXGroup;
			children = (
				A6D764E821B65FF100666FBE /* WalletTests.swift */,
				A6D764EA21B65FF100666FBE /* Info.plist */,
				A6D764F921B66DA300666FBE /* BundleExtensionsTests.swift */,
				A66363D721B9866800A2151C /* UITableViewCellExtensionTests.swift */,
				A66363D921B9895000A2151C /* UITableViewExtensionsTests.swift */,
			);
			path = WalletTests;
			sourceTree = "<group>";
		};
		A6D764F121B66C5F00666FBE /* BusinessLogicLayer */ = {
			isa = PBXGroup;
			children = (
				A67A579D2211B3A300B4AC23 /* Mnemonic */,
				A6DF65D7220F308E0020B977 /* Network */,
				A6DF65CD220F0A200020B977 /* ScreenLocker.swift */,
				A6DF65D1220F14D20020B977 /* QRService.swift */,
				A67A57992211B08700B4AC23 /* WalletManager.swift */,
			);
			path = BusinessLogicLayer;
			sourceTree = "<group>";
		};
		A6D764F221B66D1F00666FBE /* ApplicationLayer */ = {
			isa = PBXGroup;
			children = (
				A6D764FD21B673E900666FBE /* Configurators */,
				A6D764CD21B65E3C00666FBE /* AppDelegate.swift */,
				A6DF65CF220F0BE50020B977 /* Application.swift */,
				A6FBBA08220F399700D9A0BE /* Helpers.swift */,
			);
			path = ApplicationLayer;
			sourceTree = "<group>";
		};
		A6D764F321B66D5800666FBE /* Helpers */ = {
			isa = PBXGroup;
			children = (
				A6D764F421B66D6000666FBE /* SettingsBundleHelper.swift */,
			);
			path = Helpers;
			sourceTree = "<group>";
		};
		A6D764F621B66D7700666FBE /* Extensions */ = {
			isa = PBXGroup;
			children = (
				A66363D321B9865000A2151C /* UITableViewCellExtension.swift */,
				A66363D421B9865000A2151C /* UITableViewExtensions.swift */,
				A6D764F721B66D8500666FBE /* BundleExtenstions.swift */,
				A61C9B412212DD1B00766AD8 /* NSAttributedStringExtensions.swift */,
				A61C9B432212DD4600766AD8 /* UIImageExtensions.swift */,
				A61C9B452212DD5E00766AD8 /* UIButtonExtensions.swift */,
				A677C960221468A200264B49 /* StringExtensions.swift */,
				A677C92222143E3D00264B49 /* UIFontExtensions.swift */,
			);
			path = Extensions;
			sourceTree = "<group>";
		};
		A6D764FD21B673E900666FBE /* Configurators */ = {
			isa = PBXGroup;
			children = (
				A6D764FE21B6740200666FBE /* ConfiguratorProtocol.swift */,
				A6D7650021B6741000666FBE /* AppearanceConfigurator.swift */,
				A6D7650221B6742600666FBE /* ThirdPartiesConfigurator.swift */,
				A6D7650421B6743800666FBE /* ApplicationConfigurator.swift */,
			);
			path = Configurators;
			sourceTree = "<group>";
		};
		A6D7650C21B676AF00666FBE /* Constants */ = {
			isa = PBXGroup;
			children = (
				A6D7650D21B676C400666FBE /* Localizable.swift */,
				A6D7650F21B6774C00666FBE /* Images.swift */,
				A67A57702210300700B4AC23 /* Storyboards.swift */,
				A67A57742210308D00B4AC23 /* Colors.swift */,
				A67A57762210310700B4AC23 /* Scenes.swift */,
				A67A57782210311A00B4AC23 /* Segues.swift */,
				A677C92022143AFD00264B49 /* Fonts.swift */,
			);
			path = Constants;
			sourceTree = "<group>";
		};
		A6DF65CC220F06490020B977 /* Features */ = {
			isa = PBXGroup;
			children = (
				A67A577F221036C800B4AC23 /* Pin */,
				A67A576B22102FE100B4AC23 /* Import */,
				A6DF65D8220F36080020B977 /* Welcome */,
			);
			path = Features;
			sourceTree = "<group>";
		};
		A6DF65D7220F308E0020B977 /* Network */ = {
			isa = PBXGroup;
			children = (
			);
			path = Network;
			sourceTree = "<group>";
		};
		A6DF65D8220F36080020B977 /* Welcome */ = {
			isa = PBXGroup;
			children = (
				A67A578F22119BA800B4AC23 /* View */,
				A67A578D2211981B00B4AC23 /* WelcomeDataFlow.swift */,
				A67A578922117E7000B4AC23 /* WelcomeAssembly.swift */,
				A67A57922211A77500B4AC23 /* WelcomeRouter.swift */,
				A67A578722114A4F00B4AC23 /* WelcomeInteractor.swift */,
				A6DF65D9220F36250020B977 /* WelcomeViewController.swift */,
			);
			path = Welcome;
			sourceTree = "<group>";
		};
/* End PBXGroup section */

/* Begin PBXNativeTarget section */
		A6D764C921B65E3C00666FBE /* Wallet */ = {
			isa = PBXNativeTarget;
			buildConfigurationList = A6D764DC21B65E3D00666FBE /* Build configuration list for PBXNativeTarget "Wallet" */;
			buildPhases = (
				4B1FB7CE4D84EFB7CA745BC9 /* [CP] Check Pods Manifest.lock */,
				A67A577A2210315E00B4AC23 /* Run SwiftGen */,
				A6D764C621B65E3C00666FBE /* Sources */,
				A6D764C721B65E3C00666FBE /* Frameworks */,
				A6D764C821B65E3C00666FBE /* Resources */,
				C07994ADAAA891B620DD195A /* [CP] Embed Pods Frameworks */,
			);
			buildRules = (
			);
			dependencies = (
			);
			name = Wallet;
			productName = Wallet;
			productReference = A6D764CA21B65E3C00666FBE /* Wallet.app */;
			productType = "com.apple.product-type.application";
		};
		A6D764E521B65FF000666FBE /* WalletTests */ = {
			isa = PBXNativeTarget;
			buildConfigurationList = A6D764ED21B65FF100666FBE /* Build configuration list for PBXNativeTarget "WalletTests" */;
			buildPhases = (
				D0F8879C2074028C00712A78 /* [CP] Check Pods Manifest.lock */,
				A6D764E221B65FF000666FBE /* Sources */,
				A6D764E321B65FF000666FBE /* Frameworks */,
				A6D764E421B65FF000666FBE /* Resources */,
				9290B9140C211D28CB54E31F /* [CP] Embed Pods Frameworks */,
			);
			buildRules = (
			);
			dependencies = (
				A6D764EC21B65FF100666FBE /* PBXTargetDependency */,
			);
			name = WalletTests;
			productName = WalletTests;
			productReference = A6D764E621B65FF000666FBE /* WalletTests.xctest */;
			productType = "com.apple.product-type.bundle.unit-test";
		};
/* End PBXNativeTarget section */

/* Begin PBXProject section */
		A6D764C221B65E3C00666FBE /* Project object */ = {
			isa = PBXProject;
			attributes = {
				LastSwiftUpdateCheck = 1010;
				LastUpgradeCheck = 1010;
				ORGANIZATIONNAME = "Олег Лейзер";
				TargetAttributes = {
					A6D764C921B65E3C00666FBE = {
						CreatedOnToolsVersion = 10.1;
					};
					A6D764E521B65FF000666FBE = {
						CreatedOnToolsVersion = 10.1;
						TestTargetID = A6D764C921B65E3C00666FBE;
					};
				};
			};
			buildConfigurationList = A6D764C521B65E3C00666FBE /* Build configuration list for PBXProject "Wallet" */;
			compatibilityVersion = "Xcode 9.3";
			developmentRegion = ru;
			hasScannedForEncodings = 0;
			knownRegions = (
				ru,
				Base,
			);
			mainGroup = A6D764C121B65E3C00666FBE;
			productRefGroup = A6D764CB21B65E3C00666FBE /* Products */;
			projectDirPath = "";
			projectRoot = "";
			targets = (
				A6D764C921B65E3C00666FBE /* Wallet */,
				A6D764E521B65FF000666FBE /* WalletTests */,
			);
		};
/* End PBXProject section */

/* Begin PBXResourcesBuildPhase section */
		A6D764C821B65E3C00666FBE /* Resources */ = {
			isa = PBXResourcesBuildPhase;
			buildActionMask = 2147483647;
			files = (
				A677C950221461E100264B49 /* SF-Pro-Text-Medium.otf in Resources */,
				A677C943221461E100264B49 /* SF-Pro-Display-BlackItalic.otf in Resources */,
				A677C949221461E100264B49 /* SF-Pro-Text-MediumItalic.otf in Resources */,
				A677C94E221461E100264B49 /* SF-Pro-Text-Light.otf in Resources */,
				A677C958221461E100264B49 /* SF-Pro-Text-RegularItalic.otf in Resources */,
				A677C942221461E100264B49 /* SF-Pro-Display-Medium.otf in Resources */,
				A677C959221461E100264B49 /* SF-Pro-Text-Regular.otf in Resources */,
				A677C953221461E100264B49 /* SF-Pro-Display-Black.otf in Resources */,
				A6D764D821B65E3D00666FBE /* LaunchScreen.storyboard in Resources */,
				A6D7650B21B6768900666FBE /* Localizable.strings in Resources */,
				A677C94F221461E100264B49 /* SF-Pro-Display-Heavy.otf in Resources */,
				A6D764FC21B6724300666FBE /* Colors.xcassets in Resources */,
				A677C956221461E100264B49 /* SF-Pro-Display-LightItalic.otf in Resources */,
				A63358B22203210600F4D48A /* README.md in Resources */,
				A677C95B221461E100264B49 /* SF-Pro-Text-Semibold.otf in Resources */,
				A677C94B221461E100264B49 /* SF-Pro-Display-Light.otf in Resources */,
				A67A5783221036DB00B4AC23 /* Pin.storyboard in Resources */,
				A677C944221461E100264B49 /* SF-Pro-Display-UltralightItalic.otf in Resources */,
				A677C94C221461E100264B49 /* SF-Pro-Display-Bold.otf in Resources */,
				A6D7650921B6762100666FBE /* Settings.bundle in Resources */,
				A677C955221461E100264B49 /* SF-Pro-Text-LightItalic.otf in Resources */,
				A677C95A221461E100264B49 /* SF-Pro-Display-Thin.otf in Resources */,
				A677C94A221461E100264B49 /* SF-Pro-Display-BoldItalic.otf in Resources */,
				A67A57732210307600B4AC23 /* Colors.json in Resources */,
				A6D764D521B65E3D00666FBE /* Assets.xcassets in Resources */,
				A677C95C221461E100264B49 /* SF-Pro-Display-Ultralight.otf in Resources */,
				A67A576F22102FF600B4AC23 /* Import.storyboard in Resources */,
				A677C947221461E100264B49 /* SF-Pro-Display-MediumItalic.otf in Resources */,
				A677C95D221461E100264B49 /* SF-Pro-Display-HeavyItalic.otf in Resources */,
				A677C948221461E100264B49 /* SF-Pro-Text-Heavy.otf in Resources */,
				A677C946221461E100264B49 /* SF-Pro-Display-RegularItalic.otf in Resources */,
				A677C954221461E100264B49 /* SF-Pro-Text-HeavyItalic.otf in Resources */,
				A677C95E221461E100264B49 /* SF-Pro-Display-Semibold.otf in Resources */,
				A677C95F221461E100264B49 /* SF-Pro-Text-Bold.otf in Resources */,
				A6D764D321B65E3C00666FBE /* Main.storyboard in Resources */,
				A677C951221461E100264B49 /* SF-Pro-Display-SemiboldItalic.otf in Resources */,
				A677C945221461E100264B49 /* SF-Pro-Text-BoldItalic.otf in Resources */,
				A677C94D221461E100264B49 /* SF-Pro-Text-SemiboldItalic.otf in Resources */,
				A677C952221461E100264B49 /* SF-Pro-Display-Regular.otf in Resources */,
				A677C957221461E100264B49 /* SF-Pro-Display-ThinItalic.otf in Resources */,
				A6DF65D6220F2DD10020B977 /* GoogleService-Info.plist in Resources */,
			);
			runOnlyForDeploymentPostprocessing = 0;
		};
		A6D764E421B65FF000666FBE /* Resources */ = {
			isa = PBXResourcesBuildPhase;
			buildActionMask = 2147483647;
			files = (
			);
			runOnlyForDeploymentPostprocessing = 0;
		};
/* End PBXResourcesBuildPhase section */

/* Begin PBXShellScriptBuildPhase section */
		4B1FB7CE4D84EFB7CA745BC9 /* [CP] Check Pods Manifest.lock */ = {
			isa = PBXShellScriptBuildPhase;
			buildActionMask = 2147483647;
			files = (
			);
			inputFileListPaths = (
			);
			inputPaths = (
				"${PODS_PODFILE_DIR_PATH}/Podfile.lock",
				"${PODS_ROOT}/Manifest.lock",
			);
			name = "[CP] Check Pods Manifest.lock";
			outputFileListPaths = (
			);
			outputPaths = (
				"$(DERIVED_FILE_DIR)/Pods-Wallet-checkManifestLockResult.txt",
			);
			runOnlyForDeploymentPostprocessing = 0;
			shellPath = /bin/sh;
			shellScript = "diff \"${PODS_PODFILE_DIR_PATH}/Podfile.lock\" \"${PODS_ROOT}/Manifest.lock\" > /dev/null\nif [ $? != 0 ] ; then\n    # print error to STDERR\n    echo \"error: The sandbox is not in sync with the Podfile.lock. Run 'pod install' or update your CocoaPods installation.\" >&2\n    exit 1\nfi\n# This output is used by Xcode 'outputs' to avoid re-running this script phase.\necho \"SUCCESS\" > \"${SCRIPT_OUTPUT_FILE_0}\"\n";
			showEnvVarsInLog = 0;
		};
		9290B9140C211D28CB54E31F /* [CP] Embed Pods Frameworks */ = {
			isa = PBXShellScriptBuildPhase;
			buildActionMask = 2147483647;
			files = (
			);
			inputFileListPaths = (
			);
			inputPaths = (
				"${SRCROOT}/Pods/Target Support Files/Pods-WalletTests/Pods-WalletTests-frameworks.sh",
				"${BUILT_PRODUCTS_DIR}/Nimble/Nimble.framework",
				"${BUILT_PRODUCTS_DIR}/Quick/Quick.framework",
				"${BUILT_PRODUCTS_DIR}/QuickSwiftCheck/QuickSwiftCheck.framework",
				"${BUILT_PRODUCTS_DIR}/SwiftCheck/SwiftCheck.framework",
			);
			name = "[CP] Embed Pods Frameworks";
			outputFileListPaths = (
			);
			outputPaths = (
				"${TARGET_BUILD_DIR}/${FRAMEWORKS_FOLDER_PATH}/Nimble.framework",
				"${TARGET_BUILD_DIR}/${FRAMEWORKS_FOLDER_PATH}/Quick.framework",
				"${TARGET_BUILD_DIR}/${FRAMEWORKS_FOLDER_PATH}/QuickSwiftCheck.framework",
				"${TARGET_BUILD_DIR}/${FRAMEWORKS_FOLDER_PATH}/SwiftCheck.framework",
			);
			runOnlyForDeploymentPostprocessing = 0;
			shellPath = /bin/sh;
			shellScript = "\"${SRCROOT}/Pods/Target Support Files/Pods-WalletTests/Pods-WalletTests-frameworks.sh\"\n";
			showEnvVarsInLog = 0;
		};
		A67A577A2210315E00B4AC23 /* Run SwiftGen */ = {
			isa = PBXShellScriptBuildPhase;
			buildActionMask = 2147483647;
			files = (
			);
			inputFileListPaths = (
			);
			inputPaths = (
			);
			name = "Run SwiftGen";
			outputFileListPaths = (
			);
			outputPaths = (
			);
			runOnlyForDeploymentPostprocessing = 0;
			shellPath = /bin/sh;
			shellScript = "swiftgen\n";
		};
		C07994ADAAA891B620DD195A /* [CP] Embed Pods Frameworks */ = {
			isa = PBXShellScriptBuildPhase;
			buildActionMask = 2147483647;
			files = (
			);
			inputFileListPaths = (
			);
			inputPaths = (
				"${SRCROOT}/Pods/Target Support Files/Pods-Wallet/Pods-Wallet-frameworks.sh",
				"${BUILT_PRODUCTS_DIR}/Alamofire/Alamofire.framework",
				"${BUILT_PRODUCTS_DIR}/CryptoSwift/CryptoSwift.framework",
				"${BUILT_PRODUCTS_DIR}/GoogleUtilities/GoogleUtilities.framework",
				"${BUILT_PRODUCTS_DIR}/Moya/Moya.framework",
				"${BUILT_PRODUCTS_DIR}/PromiseKit/PromiseKit.framework",
				"${BUILT_PRODUCTS_DIR}/Result/Result.framework",
				"${PODS_ROOT}/Reveal-SDK/RevealServer-20/iOS/RevealServer.framework",
				"${BUILT_PRODUCTS_DIR}/SnapKit/SnapKit.framework",
				"${BUILT_PRODUCTS_DIR}/Socket.IO-Client-Swift/SocketIO.framework",
				"${BUILT_PRODUCTS_DIR}/Starscream/Starscream.framework",
				"${BUILT_PRODUCTS_DIR}/nanopb/nanopb.framework",
			);
			name = "[CP] Embed Pods Frameworks";
			outputFileListPaths = (
			);
			outputPaths = (
				"${TARGET_BUILD_DIR}/${FRAMEWORKS_FOLDER_PATH}/Alamofire.framework",
				"${TARGET_BUILD_DIR}/${FRAMEWORKS_FOLDER_PATH}/CryptoSwift.framework",
				"${TARGET_BUILD_DIR}/${FRAMEWORKS_FOLDER_PATH}/GoogleUtilities.framework",
				"${TARGET_BUILD_DIR}/${FRAMEWORKS_FOLDER_PATH}/Moya.framework",
				"${TARGET_BUILD_DIR}/${FRAMEWORKS_FOLDER_PATH}/PromiseKit.framework",
				"${TARGET_BUILD_DIR}/${FRAMEWORKS_FOLDER_PATH}/Result.framework",
				"${TARGET_BUILD_DIR}/${FRAMEWORKS_FOLDER_PATH}/RevealServer.framework",
				"${TARGET_BUILD_DIR}/${FRAMEWORKS_FOLDER_PATH}/SnapKit.framework",
				"${TARGET_BUILD_DIR}/${FRAMEWORKS_FOLDER_PATH}/SocketIO.framework",
				"${TARGET_BUILD_DIR}/${FRAMEWORKS_FOLDER_PATH}/Starscream.framework",
				"${TARGET_BUILD_DIR}/${FRAMEWORKS_FOLDER_PATH}/nanopb.framework",
			);
			runOnlyForDeploymentPostprocessing = 0;
			shellPath = /bin/sh;
			shellScript = "\"${SRCROOT}/Pods/Target Support Files/Pods-Wallet/Pods-Wallet-frameworks.sh\"\n";
			showEnvVarsInLog = 0;
		};
		D0F8879C2074028C00712A78 /* [CP] Check Pods Manifest.lock */ = {
			isa = PBXShellScriptBuildPhase;
			buildActionMask = 2147483647;
			files = (
			);
			inputFileListPaths = (
			);
			inputPaths = (
				"${PODS_PODFILE_DIR_PATH}/Podfile.lock",
				"${PODS_ROOT}/Manifest.lock",
			);
			name = "[CP] Check Pods Manifest.lock";
			outputFileListPaths = (
			);
			outputPaths = (
				"$(DERIVED_FILE_DIR)/Pods-WalletTests-checkManifestLockResult.txt",
			);
			runOnlyForDeploymentPostprocessing = 0;
			shellPath = /bin/sh;
			shellScript = "diff \"${PODS_PODFILE_DIR_PATH}/Podfile.lock\" \"${PODS_ROOT}/Manifest.lock\" > /dev/null\nif [ $? != 0 ] ; then\n    # print error to STDERR\n    echo \"error: The sandbox is not in sync with the Podfile.lock. Run 'pod install' or update your CocoaPods installation.\" >&2\n    exit 1\nfi\n# This output is used by Xcode 'outputs' to avoid re-running this script phase.\necho \"SUCCESS\" > \"${SCRIPT_OUTPUT_FILE_0}\"\n";
			showEnvVarsInLog = 0;
		};
/* End PBXShellScriptBuildPhase section */

/* Begin PBXSourcesBuildPhase section */
		A6D764C621B65E3C00666FBE /* Sources */ = {
			isa = PBXSourcesBuildPhase;
			buildActionMask = 2147483647;
			files = (
				A67A578A22117E7000B4AC23 /* WelcomeAssembly.swift in Sources */,
				A6DF65D0220F0BE50020B977 /* Application.swift in Sources */,
				A6D764FF21B6740200666FBE /* ConfiguratorProtocol.swift in Sources */,
				A67A57772210310700B4AC23 /* Scenes.swift in Sources */,
				A6D764F821B66D8500666FBE /* BundleExtenstions.swift in Sources */,
				A6D7650121B6741000666FBE /* AppearanceConfigurator.swift in Sources */,
				A67A579A2211B08700B4AC23 /* WalletManager.swift in Sources */,
				A66363D621B9865000A2151C /* UITableViewExtensions.swift in Sources */,
				A61C9B422212DD1B00766AD8 /* NSAttributedStringExtensions.swift in Sources */,
				A67A576D22102FF000B4AC23 /* ImportViewController.swift in Sources */,
				A6DF65DA220F36250020B977 /* WelcomeViewController.swift in Sources */,
				A67B140A220454EB009F593E /* Loadable.swift in Sources */,
				A677C961221468A200264B49 /* StringExtensions.swift in Sources */,
				A67A57962211A8EF00B4AC23 /* Either.swift in Sources */,
				A67A578822114A4F00B4AC23 /* WelcomeInteractor.swift in Sources */,
				A67A578E2211981B00B4AC23 /* WelcomeDataFlow.swift in Sources */,
				A6D7650321B6742600666FBE /* ThirdPartiesConfigurator.swift in Sources */,
				A67A57982211A91300B4AC23 /* RResult.swift in Sources */,
				A6D764D021B65E3C00666FBE /* ViewController.swift in Sources */,
				A67A57752210308D00B4AC23 /* Colors.swift in Sources */,
				A6DF65CE220F0A200020B977 /* ScreenLocker.swift in Sources */,
				A67A57862210896400B4AC23 /* RoundedButton.swift in Sources */,
				A6D764F521B66D6000666FBE /* SettingsBundleHelper.swift in Sources */,
				A67A57932211A77500B4AC23 /* WelcomeRouter.swift in Sources */,
				A6D764CE21B65E3C00666FBE /* AppDelegate.swift in Sources */,
				A67A579C2211B11D00B4AC23 /* MnemonicService.swift in Sources */,
				A61C9B4B2212ED9400766AD8 /* ButtonStyles.swift in Sources */,
				A677C92322143E3D00264B49 /* UIFontExtensions.swift in Sources */,
				A6D7651021B6774C00666FBE /* Images.swift in Sources */,
				A6FBBA09220F399700D9A0BE /* Helpers.swift in Sources */,
				A61C9B442212DD4600766AD8 /* UIImageExtensions.swift in Sources */,
				A6D7650E21B676C400666FBE /* Localizable.swift in Sources */,
				A67A577C221031DF00B4AC23 /* ImportAssembly.swift in Sources */,
				A67A57792210311A00B4AC23 /* Segues.swift in Sources */,
				A67A57712210300700B4AC23 /* Storyboards.swift in Sources */,
				A6D7650521B6743800666FBE /* ApplicationConfigurator.swift in Sources */,
				A67A578C22118A3100B4AC23 /* WelcomeView.swift in Sources */,
				A677C92122143AFD00264B49 /* Fonts.swift in Sources */,
				A6DF65D2220F14D20020B977 /* QRService.swift in Sources */,
				A67A577E2210323000B4AC23 /* Assemblability.swift in Sources */,
				A67A57FA2211BC4C00B4AC23 /* English.swift in Sources */,
				A61C9B492212ED6D00766AD8 /* StyledButton.swift in Sources */,
				A67A5781221036D500B4AC23 /* PinViewController.swift in Sources */,
				A61C9B462212DD5E00766AD8 /* UIButtonExtensions.swift in Sources */,
				A66363D521B9865000A2151C /* UITableViewCellExtension.swift in Sources */,
			);
			runOnlyForDeploymentPostprocessing = 0;
		};
		A6D764E221B65FF000666FBE /* Sources */ = {
			isa = PBXSourcesBuildPhase;
			buildActionMask = 2147483647;
			files = (
				A66363D821B9866800A2151C /* UITableViewCellExtensionTests.swift in Sources */,
				A6D764E921B65FF100666FBE /* WalletTests.swift in Sources */,
				A66363DA21B9895000A2151C /* UITableViewExtensionsTests.swift in Sources */,
				A6D764FA21B66DA300666FBE /* BundleExtensionsTests.swift in Sources */,
			);
			runOnlyForDeploymentPostprocessing = 0;
		};
/* End PBXSourcesBuildPhase section */

/* Begin PBXTargetDependency section */
		A6D764EC21B65FF100666FBE /* PBXTargetDependency */ = {
			isa = PBXTargetDependency;
			target = A6D764C921B65E3C00666FBE /* Wallet */;
			targetProxy = A6D764EB21B65FF100666FBE /* PBXContainerItemProxy */;
		};
/* End PBXTargetDependency section */

/* Begin PBXVariantGroup section */
		A6D764D121B65E3C00666FBE /* Main.storyboard */ = {
			isa = PBXVariantGroup;
			children = (
				A6D764D221B65E3C00666FBE /* Base */,
			);
			name = Main.storyboard;
			sourceTree = "<group>";
		};
		A6D764D621B65E3D00666FBE /* LaunchScreen.storyboard */ = {
			isa = PBXVariantGroup;
			children = (
				A6D764D721B65E3D00666FBE /* Base */,
			);
			name = LaunchScreen.storyboard;
			sourceTree = "<group>";
		};
/* End PBXVariantGroup section */

/* Begin XCBuildConfiguration section */
		A63358AA22031E3A00F4D48A /* Distribution */ = {
			isa = XCBuildConfiguration;
			baseConfigurationReference = A63358A522031DF000F4D48A /* Project.xcconfig */;
			buildSettings = {
				ALWAYS_SEARCH_USER_PATHS = NO;
				CLANG_ANALYZER_NONNULL = YES;
				CLANG_ANALYZER_NUMBER_OBJECT_CONVERSION = YES_AGGRESSIVE;
				CLANG_CXX_LANGUAGE_STANDARD = "gnu++14";
				CLANG_CXX_LIBRARY = "libc++";
				CLANG_ENABLE_MODULES = YES;
				CLANG_ENABLE_OBJC_ARC = YES;
				CLANG_ENABLE_OBJC_WEAK = YES;
				CLANG_WARN_BLOCK_CAPTURE_AUTORELEASING = YES;
				CLANG_WARN_BOOL_CONVERSION = YES;
				CLANG_WARN_COMMA = YES;
				CLANG_WARN_CONSTANT_CONVERSION = YES;
				CLANG_WARN_DEPRECATED_OBJC_IMPLEMENTATIONS = YES;
				CLANG_WARN_DIRECT_OBJC_ISA_USAGE = YES_ERROR;
				CLANG_WARN_DOCUMENTATION_COMMENTS = YES;
				CLANG_WARN_EMPTY_BODY = YES;
				CLANG_WARN_ENUM_CONVERSION = YES;
				CLANG_WARN_INFINITE_RECURSION = YES;
				CLANG_WARN_INT_CONVERSION = YES;
				CLANG_WARN_NON_LITERAL_NULL_CONVERSION = YES;
				CLANG_WARN_OBJC_IMPLICIT_RETAIN_SELF = YES;
				CLANG_WARN_OBJC_LITERAL_CONVERSION = YES;
				CLANG_WARN_OBJC_ROOT_CLASS = YES_ERROR;
				CLANG_WARN_RANGE_LOOP_ANALYSIS = YES;
				CLANG_WARN_STRICT_PROTOTYPES = YES;
				CLANG_WARN_SUSPICIOUS_MOVE = YES;
				CLANG_WARN_UNGUARDED_AVAILABILITY = YES_AGGRESSIVE;
				CLANG_WARN_UNREACHABLE_CODE = YES;
				CLANG_WARN__DUPLICATE_METHOD_MATCH = YES;
				CODE_SIGN_IDENTITY = "iPhone Developer";
				COPY_PHASE_STRIP = NO;
				DEBUG_INFORMATION_FORMAT = "dwarf-with-dsym";
				ENABLE_NS_ASSERTIONS = NO;
				ENABLE_STRICT_OBJC_MSGSEND = YES;
				GCC_C_LANGUAGE_STANDARD = gnu11;
				GCC_NO_COMMON_BLOCKS = YES;
				GCC_WARN_64_TO_32_BIT_CONVERSION = YES;
				GCC_WARN_ABOUT_RETURN_TYPE = YES_ERROR;
				GCC_WARN_UNDECLARED_SELECTOR = YES;
				GCC_WARN_UNINITIALIZED_AUTOS = YES_AGGRESSIVE;
				GCC_WARN_UNUSED_FUNCTION = YES;
				GCC_WARN_UNUSED_VARIABLE = YES;
				IPHONEOS_DEPLOYMENT_TARGET = 12.1;
				MTL_ENABLE_DEBUG_INFO = NO;
				MTL_FAST_MATH = YES;
				SDKROOT = iphoneos;
				SWIFT_COMPILATION_MODE = wholemodule;
				SWIFT_OPTIMIZATION_LEVEL = "-O";
				VALIDATE_PRODUCT = YES;
			};
			name = Distribution;
		};
		A63358AB22031E3A00F4D48A /* Distribution */ = {
			isa = XCBuildConfiguration;
			baseConfigurationReference = A63358A822031E1700F4D48A /* Distribution.xcconfig */;
			buildSettings = {
				ALWAYS_EMBED_SWIFT_STANDARD_LIBRARIES = "$(inherited)";
				ASSETCATALOG_COMPILER_APPICON_NAME = AppIcon;
				CODE_SIGN_STYLE = Automatic;
				CURRENT_PROJECT_VERSION = "${CURRENT_PROJECT_VERSION}";
				DEVELOPMENT_TEAM = AC6F95FHB4;
				HEADER_SEARCH_PATHS = (
					"$(inherited)",
					"${PODS_ROOT}/Firebase/CoreOnly/Sources",
					"\"${PODS_ROOT}/Headers/Public\"",
					"\"${PODS_ROOT}/Headers/Public/Firebase\"",
				);
				INFOPLIST_FILE = "$(SRCROOT)/Support/Info.plist";
				IPHONEOS_DEPLOYMENT_TARGET = 11.0;
				LD_RUNPATH_SEARCH_PATHS = (
					"$(inherited)",
					"@executable_path/Frameworks",
				);
				LIBRARY_SEARCH_PATHS = "$(inherited)";
				PREFIX_DISPLAY_NAME = "";
				PRODUCT_BUNDLE_IDENTIFIER = "${PRODUCT_BUNDLE_IDENTIFIER}";
				PRODUCT_DISPLAY_NAME = "MVO Wallet";
				PRODUCT_NAME = "$(TARGET_NAME)";
				SWIFT_OBJC_BRIDGING_HEADER = "./Sources/Core/Bridge-Header.h";
				SWIFT_VERSION = 4.2;
				TARGETED_DEVICE_FAMILY = 1;
				VERSIONING_SYSTEM = "apple-generic";
			};
			name = Distribution;
		};
		A63358AC22031E3A00F4D48A /* Distribution */ = {
			isa = XCBuildConfiguration;
			baseConfigurationReference = 8684CA411F538E9DC1BBB4B8 /* Pods-WalletTests.distribution.xcconfig */;
			buildSettings = {
				BUNDLE_LOADER = "$(TEST_HOST)";
				CODE_SIGN_STYLE = Automatic;
				DEVELOPMENT_TEAM = AC6F95FHB4;
				INFOPLIST_FILE = WalletTests/Info.plist;
				LD_RUNPATH_SEARCH_PATHS = (
					"$(inherited)",
					"@executable_path/Frameworks",
					"@loader_path/Frameworks",
				);
				PRODUCT_BUNDLE_IDENTIFIER = kz.idev.WalletTests;
				PRODUCT_NAME = "$(TARGET_NAME)";
				SWIFT_VERSION = 4.2;
				TARGETED_DEVICE_FAMILY = "1,2";
				TEST_HOST = "$(BUILT_PRODUCTS_DIR)/Wallet.app/Wallet";
			};
			name = Distribution;
		};
		A63358AD22031E4200F4D48A /* AdHoc */ = {
			isa = XCBuildConfiguration;
			baseConfigurationReference = A63358A522031DF000F4D48A /* Project.xcconfig */;
			buildSettings = {
				ALWAYS_SEARCH_USER_PATHS = NO;
				CLANG_ANALYZER_NONNULL = YES;
				CLANG_ANALYZER_NUMBER_OBJECT_CONVERSION = YES_AGGRESSIVE;
				CLANG_CXX_LANGUAGE_STANDARD = "gnu++14";
				CLANG_CXX_LIBRARY = "libc++";
				CLANG_ENABLE_MODULES = YES;
				CLANG_ENABLE_OBJC_ARC = YES;
				CLANG_ENABLE_OBJC_WEAK = YES;
				CLANG_WARN_BLOCK_CAPTURE_AUTORELEASING = YES;
				CLANG_WARN_BOOL_CONVERSION = YES;
				CLANG_WARN_COMMA = YES;
				CLANG_WARN_CONSTANT_CONVERSION = YES;
				CLANG_WARN_DEPRECATED_OBJC_IMPLEMENTATIONS = YES;
				CLANG_WARN_DIRECT_OBJC_ISA_USAGE = YES_ERROR;
				CLANG_WARN_DOCUMENTATION_COMMENTS = YES;
				CLANG_WARN_EMPTY_BODY = YES;
				CLANG_WARN_ENUM_CONVERSION = YES;
				CLANG_WARN_INFINITE_RECURSION = YES;
				CLANG_WARN_INT_CONVERSION = YES;
				CLANG_WARN_NON_LITERAL_NULL_CONVERSION = YES;
				CLANG_WARN_OBJC_IMPLICIT_RETAIN_SELF = YES;
				CLANG_WARN_OBJC_LITERAL_CONVERSION = YES;
				CLANG_WARN_OBJC_ROOT_CLASS = YES_ERROR;
				CLANG_WARN_RANGE_LOOP_ANALYSIS = YES;
				CLANG_WARN_STRICT_PROTOTYPES = YES;
				CLANG_WARN_SUSPICIOUS_MOVE = YES;
				CLANG_WARN_UNGUARDED_AVAILABILITY = YES_AGGRESSIVE;
				CLANG_WARN_UNREACHABLE_CODE = YES;
				CLANG_WARN__DUPLICATE_METHOD_MATCH = YES;
				CODE_SIGN_IDENTITY = "iPhone Developer";
				COPY_PHASE_STRIP = NO;
				DEBUG_INFORMATION_FORMAT = dwarf;
				ENABLE_STRICT_OBJC_MSGSEND = YES;
				ENABLE_TESTABILITY = YES;
				GCC_C_LANGUAGE_STANDARD = gnu11;
				GCC_DYNAMIC_NO_PIC = NO;
				GCC_NO_COMMON_BLOCKS = YES;
				GCC_OPTIMIZATION_LEVEL = 0;
				GCC_PREPROCESSOR_DEFINITIONS = (
					"DEBUG=1",
					"$(inherited)",
				);
				GCC_WARN_64_TO_32_BIT_CONVERSION = YES;
				GCC_WARN_ABOUT_RETURN_TYPE = YES_ERROR;
				GCC_WARN_UNDECLARED_SELECTOR = YES;
				GCC_WARN_UNINITIALIZED_AUTOS = YES_AGGRESSIVE;
				GCC_WARN_UNUSED_FUNCTION = YES;
				GCC_WARN_UNUSED_VARIABLE = YES;
				IPHONEOS_DEPLOYMENT_TARGET = 12.1;
				MTL_ENABLE_DEBUG_INFO = INCLUDE_SOURCE;
				MTL_FAST_MATH = YES;
				ONLY_ACTIVE_ARCH = YES;
				SDKROOT = iphoneos;
				SWIFT_ACTIVE_COMPILATION_CONDITIONS = DEBUG;
				SWIFT_OPTIMIZATION_LEVEL = "-Onone";
			};
			name = AdHoc;
		};
		A63358AE22031E4200F4D48A /* AdHoc */ = {
			isa = XCBuildConfiguration;
			baseConfigurationReference = A63358A922031E2300F4D48A /* AdHoc.xcconfig */;
			buildSettings = {
				ALWAYS_EMBED_SWIFT_STANDARD_LIBRARIES = "$(inherited)";
				ASSETCATALOG_COMPILER_APPICON_NAME = AppIcon;
				CODE_SIGN_STYLE = Automatic;
				CURRENT_PROJECT_VERSION = "${CURRENT_PROJECT_VERSION}";
				DEVELOPMENT_TEAM = AC6F95FHB4;
				HEADER_SEARCH_PATHS = (
					"$(inherited)",
					"${PODS_ROOT}/Firebase/CoreOnly/Sources",
					"\"${PODS_ROOT}/Headers/Public\"",
					"\"${PODS_ROOT}/Headers/Public/Firebase\"",
				);
				INFOPLIST_FILE = "$(SRCROOT)/Support/Info.plist";
				IPHONEOS_DEPLOYMENT_TARGET = 11.0;
				LD_RUNPATH_SEARCH_PATHS = (
					"$(inherited)",
					"@executable_path/Frameworks",
				);
				LIBRARY_SEARCH_PATHS = "$(inherited)";
				PREFIX_DISPLAY_NAME = "● ";
				PRODUCT_BUNDLE_IDENTIFIER = "${PRODUCT_BUNDLE_IDENTIFIER}";
				PRODUCT_DISPLAY_NAME = "MVO Wallet";
				PRODUCT_NAME = "$(TARGET_NAME)";
				SWIFT_OBJC_BRIDGING_HEADER = "./Sources/Core/Bridge-Header.h";
				SWIFT_VERSION = 4.2;
				TARGETED_DEVICE_FAMILY = 1;
				VERSIONING_SYSTEM = "apple-generic";
			};
			name = AdHoc;
		};
		A63358AF22031E4200F4D48A /* AdHoc */ = {
			isa = XCBuildConfiguration;
			baseConfigurationReference = C3D1FE519429B8E6AE4DFE30 /* Pods-WalletTests.adhoc.xcconfig */;
			buildSettings = {
				BUNDLE_LOADER = "$(TEST_HOST)";
				CODE_SIGN_STYLE = Automatic;
				DEVELOPMENT_TEAM = AC6F95FHB4;
				INFOPLIST_FILE = WalletTests/Info.plist;
				LD_RUNPATH_SEARCH_PATHS = (
					"$(inherited)",
					"@executable_path/Frameworks",
					"@loader_path/Frameworks",
				);
				PRODUCT_BUNDLE_IDENTIFIER = kz.idev.WalletTests;
				PRODUCT_NAME = "$(TARGET_NAME)";
				SWIFT_VERSION = 4.2;
				TARGETED_DEVICE_FAMILY = "1,2";
				TEST_HOST = "$(BUILT_PRODUCTS_DIR)/Wallet.app/Wallet";
			};
			name = AdHoc;
		};
		A6D764DA21B65E3D00666FBE /* Debug */ = {
			isa = XCBuildConfiguration;
			baseConfigurationReference = A63358A522031DF000F4D48A /* Project.xcconfig */;
			buildSettings = {
				ALWAYS_SEARCH_USER_PATHS = NO;
				CLANG_ANALYZER_NONNULL = YES;
				CLANG_ANALYZER_NUMBER_OBJECT_CONVERSION = YES_AGGRESSIVE;
				CLANG_CXX_LANGUAGE_STANDARD = "gnu++14";
				CLANG_CXX_LIBRARY = "libc++";
				CLANG_ENABLE_MODULES = YES;
				CLANG_ENABLE_OBJC_ARC = YES;
				CLANG_ENABLE_OBJC_WEAK = YES;
				CLANG_WARN_BLOCK_CAPTURE_AUTORELEASING = YES;
				CLANG_WARN_BOOL_CONVERSION = YES;
				CLANG_WARN_COMMA = YES;
				CLANG_WARN_CONSTANT_CONVERSION = YES;
				CLANG_WARN_DEPRECATED_OBJC_IMPLEMENTATIONS = YES;
				CLANG_WARN_DIRECT_OBJC_ISA_USAGE = YES_ERROR;
				CLANG_WARN_DOCUMENTATION_COMMENTS = YES;
				CLANG_WARN_EMPTY_BODY = YES;
				CLANG_WARN_ENUM_CONVERSION = YES;
				CLANG_WARN_INFINITE_RECURSION = YES;
				CLANG_WARN_INT_CONVERSION = YES;
				CLANG_WARN_NON_LITERAL_NULL_CONVERSION = YES;
				CLANG_WARN_OBJC_IMPLICIT_RETAIN_SELF = YES;
				CLANG_WARN_OBJC_LITERAL_CONVERSION = YES;
				CLANG_WARN_OBJC_ROOT_CLASS = YES_ERROR;
				CLANG_WARN_RANGE_LOOP_ANALYSIS = YES;
				CLANG_WARN_STRICT_PROTOTYPES = YES;
				CLANG_WARN_SUSPICIOUS_MOVE = YES;
				CLANG_WARN_UNGUARDED_AVAILABILITY = YES_AGGRESSIVE;
				CLANG_WARN_UNREACHABLE_CODE = YES;
				CLANG_WARN__DUPLICATE_METHOD_MATCH = YES;
				CODE_SIGN_IDENTITY = "iPhone Developer";
				COPY_PHASE_STRIP = NO;
				DEBUG_INFORMATION_FORMAT = dwarf;
				ENABLE_STRICT_OBJC_MSGSEND = YES;
				ENABLE_TESTABILITY = YES;
				GCC_C_LANGUAGE_STANDARD = gnu11;
				GCC_DYNAMIC_NO_PIC = NO;
				GCC_NO_COMMON_BLOCKS = YES;
				GCC_OPTIMIZATION_LEVEL = 0;
				GCC_PREPROCESSOR_DEFINITIONS = (
					"DEBUG=1",
					"$(inherited)",
				);
				GCC_WARN_64_TO_32_BIT_CONVERSION = YES;
				GCC_WARN_ABOUT_RETURN_TYPE = YES_ERROR;
				GCC_WARN_UNDECLARED_SELECTOR = YES;
				GCC_WARN_UNINITIALIZED_AUTOS = YES_AGGRESSIVE;
				GCC_WARN_UNUSED_FUNCTION = YES;
				GCC_WARN_UNUSED_VARIABLE = YES;
				IPHONEOS_DEPLOYMENT_TARGET = 12.1;
				MTL_ENABLE_DEBUG_INFO = INCLUDE_SOURCE;
				MTL_FAST_MATH = YES;
				ONLY_ACTIVE_ARCH = YES;
				SDKROOT = iphoneos;
				SWIFT_ACTIVE_COMPILATION_CONDITIONS = DEBUG;
				SWIFT_OPTIMIZATION_LEVEL = "-Onone";
			};
			name = Debug;
		};
		A6D764DD21B65E3D00666FBE /* Debug */ = {
			isa = XCBuildConfiguration;
			baseConfigurationReference = A63358A722031E0400F4D48A /* Debug.xcconfig */;
			buildSettings = {
				ALWAYS_EMBED_SWIFT_STANDARD_LIBRARIES = "$(inherited)";
				ASSETCATALOG_COMPILER_APPICON_NAME = AppIcon;
				CODE_SIGN_STYLE = Automatic;
				CURRENT_PROJECT_VERSION = "${CURRENT_PROJECT_VERSION}";
				DEVELOPMENT_TEAM = AC6F95FHB4;
				HEADER_SEARCH_PATHS = (
					"$(inherited)",
					"${PODS_ROOT}/Firebase/CoreOnly/Sources",
					"\"${PODS_ROOT}/Headers/Public\"",
					"\"${PODS_ROOT}/Headers/Public/Firebase\"",
				);
				INFOPLIST_FILE = "$(SRCROOT)/Support/Info.plist";
				IPHONEOS_DEPLOYMENT_TARGET = 11.0;
				LD_RUNPATH_SEARCH_PATHS = (
					"$(inherited)",
					"@executable_path/Frameworks",
				);
				LIBRARY_SEARCH_PATHS = "$(inherited)";
				PREFIX_DISPLAY_NAME = "⚙️ ";
				PRODUCT_BUNDLE_IDENTIFIER = "${PRODUCT_BUNDLE_IDENTIFIER}";
				PRODUCT_DISPLAY_NAME = "MVO Wallet";
				PRODUCT_NAME = "$(TARGET_NAME)";
				SWIFT_OBJC_BRIDGING_HEADER = "./Sources/Core/Bridge-Header.h";
				SWIFT_VERSION = 4.2;
				TARGETED_DEVICE_FAMILY = 1;
				VERSIONING_SYSTEM = "apple-generic";
			};
			name = Debug;
		};
		A6D764EE21B65FF100666FBE /* Debug */ = {
			isa = XCBuildConfiguration;
			baseConfigurationReference = 4687198C845AB70B44A501E5 /* Pods-WalletTests.debug.xcconfig */;
			buildSettings = {
				BUNDLE_LOADER = "$(TEST_HOST)";
				CODE_SIGN_STYLE = Automatic;
				DEVELOPMENT_TEAM = AC6F95FHB4;
				INFOPLIST_FILE = WalletTests/Info.plist;
				LD_RUNPATH_SEARCH_PATHS = (
					"$(inherited)",
					"@executable_path/Frameworks",
					"@loader_path/Frameworks",
				);
				PRODUCT_BUNDLE_IDENTIFIER = kz.idev.WalletTests;
				PRODUCT_NAME = "$(TARGET_NAME)";
				SWIFT_VERSION = 4.2;
				TARGETED_DEVICE_FAMILY = "1,2";
				TEST_HOST = "$(BUILT_PRODUCTS_DIR)/Wallet.app/Wallet";
			};
			name = Debug;
		};
/* End XCBuildConfiguration section */

/* Begin XCConfigurationList section */
		A6D764C521B65E3C00666FBE /* Build configuration list for PBXProject "Wallet" */ = {
			isa = XCConfigurationList;
			buildConfigurations = (
				A6D764DA21B65E3D00666FBE /* Debug */,
				A63358AD22031E4200F4D48A /* AdHoc */,
				A63358AA22031E3A00F4D48A /* Distribution */,
			);
			defaultConfigurationIsVisible = 0;
			defaultConfigurationName = Debug;
		};
		A6D764DC21B65E3D00666FBE /* Build configuration list for PBXNativeTarget "Wallet" */ = {
			isa = XCConfigurationList;
			buildConfigurations = (
				A6D764DD21B65E3D00666FBE /* Debug */,
				A63358AE22031E4200F4D48A /* AdHoc */,
				A63358AB22031E3A00F4D48A /* Distribution */,
			);
			defaultConfigurationIsVisible = 0;
			defaultConfigurationName = Debug;
		};
		A6D764ED21B65FF100666FBE /* Build configuration list for PBXNativeTarget "WalletTests" */ = {
			isa = XCConfigurationList;
			buildConfigurations = (
				A6D764EE21B65FF100666FBE /* Debug */,
				A63358AF22031E4200F4D48A /* AdHoc */,
				A63358AC22031E3A00F4D48A /* Distribution */,
			);
			defaultConfigurationIsVisible = 0;
			defaultConfigurationName = Debug;
		};
/* End XCConfigurationList section */
	};
	rootObject = A6D764C221B65E3C00666FBE /* Project object */;
}
